// !$*UTF8*$!
{
	archiveVersion = 1;
	classes = {
	};
	objectVersion = 55;
	objects = {

/* Begin PBXBuildFile section */
		180595EE2A0FAC48006A0E2A /* Parameter.swift in Sources */ = {isa = PBXBuildFile; fileRef = 180595ED2A0FAC48006A0E2A /* Parameter.swift */; };
		180595F02A0FB15D006A0E2A /* CharacterType.swift in Sources */ = {isa = PBXBuildFile; fileRef = 180595EF2A0FB15D006A0E2A /* CharacterType.swift */; };
		180595F12A1041EE006A0E2A /* WordsListViewModel.swift in Sources */ = {isa = PBXBuildFile; fileRef = 18D6880E29D6124600D28216 /* WordsListViewModel.swift */; };
		180595F22A1041EE006A0E2A /* WordsListProtocol.swift in Sources */ = {isa = PBXBuildFile; fileRef = 18D6880829D6121A00D28216 /* WordsListProtocol.swift */; };
		180595F32A1041EE006A0E2A /* WordsListViewController.swift in Sources */ = {isa = PBXBuildFile; fileRef = 18D6880C29D6123A00D28216 /* WordsListViewController.swift */; };
		180595F42A1041EE006A0E2A /* WordsListBuilder.swift in Sources */ = {isa = PBXBuildFile; fileRef = 18D6880A29D6122900D28216 /* WordsListBuilder.swift */; };
		180595F52A1041F1006A0E2A /* WordTableHeader.swift in Sources */ = {isa = PBXBuildFile; fileRef = 18E34EB329D9D10B0094CBBA /* WordTableHeader.swift */; };
		180595F62A1041F1006A0E2A /* WordTableCell.swift in Sources */ = {isa = PBXBuildFile; fileRef = 18E34EAF29D96ECD0094CBBA /* WordTableCell.swift */; };
		180595F72A1041F6006A0E2A /* LevelProtocols.swift in Sources */ = {isa = PBXBuildFile; fileRef = 187C2C2A2917BC5F0036F43A /* LevelProtocols.swift */; };
		180595F82A1041F6006A0E2A /* LevelViewController.swift in Sources */ = {isa = PBXBuildFile; fileRef = 187C2C2E2917BC790036F43A /* LevelViewController.swift */; };
		180595F92A1041F6006A0E2A /* LevelViewModel.swift in Sources */ = {isa = PBXBuildFile; fileRef = 187C2C302917BC850036F43A /* LevelViewModel.swift */; };
		180595FA2A1041F6006A0E2A /* LevelBuilder.swift in Sources */ = {isa = PBXBuildFile; fileRef = 187C2C2C2917BC6F0036F43A /* LevelBuilder.swift */; };
		180595FB2A1041F9006A0E2A /* KeyboardGestureRecognizer.swift in Sources */ = {isa = PBXBuildFile; fileRef = 185B5DAC293CA00F001B726D /* KeyboardGestureRecognizer.swift */; };
		180595FC2A1041F9006A0E2A /* AdditionalCell.swift in Sources */ = {isa = PBXBuildFile; fileRef = 184E29C72960BAE400B54C63 /* AdditionalCell.swift */; };
		180595FD2A1041F9006A0E2A /* KeyboardLogic.swift in Sources */ = {isa = PBXBuildFile; fileRef = 185B5DAA293C9F36001B726D /* KeyboardLogic.swift */; };
		180595FE2A1041F9006A0E2A /* KeyboardCell.swift in Sources */ = {isa = PBXBuildFile; fileRef = 187C2C372917C65C0036F43A /* KeyboardCell.swift */; };
		180595FF2A1041F9006A0E2A /* KeyboardView.swift in Sources */ = {isa = PBXBuildFile; fileRef = 1820F423292A602B00D33069 /* KeyboardView.swift */; };
		180596002A1041FD006A0E2A /* CrossView.swift in Sources */ = {isa = PBXBuildFile; fileRef = 187C2C532919670C0036F43A /* CrossView.swift */; };
		180596012A1041FD006A0E2A /* CrossCell.swift in Sources */ = {isa = PBXBuildFile; fileRef = 187C2C332917C0790036F43A /* CrossCell.swift */; };
		180596022A104205006A0E2A /* SettingsProtocols.swift in Sources */ = {isa = PBXBuildFile; fileRef = 185D6D522968275600B10CD8 /* SettingsProtocols.swift */; };
		180596032A104205006A0E2A /* SettingsViewController.swift in Sources */ = {isa = PBXBuildFile; fileRef = 185D6D542968276A00B10CD8 /* SettingsViewController.swift */; };
		180596042A104205006A0E2A /* SettingsBuilder.swift in Sources */ = {isa = PBXBuildFile; fileRef = 185D6D502968274A00B10CD8 /* SettingsBuilder.swift */; };
		180596052A104205006A0E2A /* SettingsViewModel.swift in Sources */ = {isa = PBXBuildFile; fileRef = 185D6D562968277500B10CD8 /* SettingsViewModel.swift */; };
		180596062A104208006A0E2A /* SettingsMoreCell.swift in Sources */ = {isa = PBXBuildFile; fileRef = 185D6D6029683A1200B10CD8 /* SettingsMoreCell.swift */; };
		180596072A104208006A0E2A /* SettingsSwitchCell.swift in Sources */ = {isa = PBXBuildFile; fileRef = 185D6D5929682C3F00B10CD8 /* SettingsSwitchCell.swift */; };
		180596082A10420B006A0E2A /* SettingsCellModel.swift in Sources */ = {isa = PBXBuildFile; fileRef = 185D6D5C2968303600B10CD8 /* SettingsCellModel.swift */; };
		180596092A104211006A0E2A /* LevelsBuilder.swift in Sources */ = {isa = PBXBuildFile; fileRef = 183B1D5B296754C200D80509 /* LevelsBuilder.swift */; };
		1805960A2A104211006A0E2A /* LevelsViewModel.swift in Sources */ = {isa = PBXBuildFile; fileRef = 183B1D61296754E900D80509 /* LevelsViewModel.swift */; };
		1805960B2A104211006A0E2A /* LevelsViewController.swift in Sources */ = {isa = PBXBuildFile; fileRef = 183B1D5F296754E000D80509 /* LevelsViewController.swift */; };
		1805960C2A104211006A0E2A /* LevelsProtocol.swift in Sources */ = {isa = PBXBuildFile; fileRef = 183B1D5D296754D400D80509 /* LevelsProtocol.swift */; };
		1805960D2A104213006A0E2A /* LevelsCollectionCell.swift in Sources */ = {isa = PBXBuildFile; fileRef = 183B1D6429675B6D00D80509 /* LevelsCollectionCell.swift */; };
		1805960E2A104216006A0E2A /* LevelsCellModel.swift in Sources */ = {isa = PBXBuildFile; fileRef = 183B1D672967634500D80509 /* LevelsCellModel.swift */; };
		180596102A119F71006A0E2A /* appInit.json in Sources */ = {isa = PBXBuildFile; fileRef = 1805960F2A119F71006A0E2A /* appInit.json */; };
		1813F3D82A0E94E9001BDBFC /* Codable.swift in Sources */ = {isa = PBXBuildFile; fileRef = 1813F3D72A0E94E9001BDBFC /* Codable.swift */; };
		1813F3DC2A0E98BC001BDBFC /* AppInitResponse.swift in Sources */ = {isa = PBXBuildFile; fileRef = 1813F3DB2A0E98BC001BDBFC /* AppInitResponse.swift */; };
		1813F3DE2A0EDA16001BDBFC /* ApiResponse.swift in Sources */ = {isa = PBXBuildFile; fileRef = 1813F3DD2A0EDA16001BDBFC /* ApiResponse.swift */; };
		1819F9032A0CC9F20096BA84 /* AppConstants.swift in Sources */ = {isa = PBXBuildFile; fileRef = 1819F9022A0CC9F20096BA84 /* AppConstants.swift */; };
		1835AA382A120FCE00AF3887 /* Level 3.json in Resources */ = {isa = PBXBuildFile; fileRef = 1835AA2F2A120FCE00AF3887 /* Level 3.json */; };
		1835AA392A120FCE00AF3887 /* Level 9.json in Resources */ = {isa = PBXBuildFile; fileRef = 1835AA302A120FCE00AF3887 /* Level 9.json */; };
		1835AA3A2A120FCE00AF3887 /* Level 6.json in Resources */ = {isa = PBXBuildFile; fileRef = 1835AA312A120FCE00AF3887 /* Level 6.json */; };
		1835AA3B2A120FCE00AF3887 /* Level 4.json in Resources */ = {isa = PBXBuildFile; fileRef = 1835AA322A120FCE00AF3887 /* Level 4.json */; };
		1835AA3C2A120FCE00AF3887 /* Level 5.json in Resources */ = {isa = PBXBuildFile; fileRef = 1835AA332A120FCE00AF3887 /* Level 5.json */; };
		1835AA3D2A120FCE00AF3887 /* Level 2.json in Resources */ = {isa = PBXBuildFile; fileRef = 1835AA342A120FCE00AF3887 /* Level 2.json */; };
		1835AA3E2A120FCE00AF3887 /* Level 8.json in Resources */ = {isa = PBXBuildFile; fileRef = 1835AA352A120FCE00AF3887 /* Level 8.json */; };
		1835AA3F2A120FCE00AF3887 /* Level 10.json in Resources */ = {isa = PBXBuildFile; fileRef = 1835AA362A120FCE00AF3887 /* Level 10.json */; };
		1835AA402A120FCE00AF3887 /* Level 7.json in Resources */ = {isa = PBXBuildFile; fileRef = 1835AA372A120FCE00AF3887 /* Level 7.json */; };
		1835AA6A2A12182D00AF3887 /* deve.wav in Resources */ = {isa = PBXBuildFile; fileRef = 1835AA462A12182C00AF3887 /* deve.wav */; };
		1835AA6B2A12182D00AF3887 /* men.wav in Resources */ = {isa = PBXBuildFile; fileRef = 1835AA472A12182C00AF3887 /* men.wav */; };
		1835AA6C2A12182D00AF3887 /* dut.wav in Resources */ = {isa = PBXBuildFile; fileRef = 1835AA482A12182C00AF3887 /* dut.wav */; };
		1835AA6D2A12182D00AF3887 /* saqal.wav in Resources */ = {isa = PBXBuildFile; fileRef = 1835AA492A12182C00AF3887 /* saqal.wav */; };
		1835AA6E2A12182D00AF3887 /* qulaq.wav in Resources */ = {isa = PBXBuildFile; fileRef = 1835AA4A2A12182C00AF3887 /* qulaq.wav */; };
		1835AA6F2A12182D00AF3887 /* sari.wav in Resources */ = {isa = PBXBuildFile; fileRef = 1835AA4B2A12182C00AF3887 /* sari.wav */; };
		1835AA702A12182D00AF3887 /* esil.wav in Resources */ = {isa = PBXBuildFile; fileRef = 1835AA4C2A12182C00AF3887 /* esil.wav */; };
		1835AA712A12182D00AF3887 /* alma.wav in Resources */ = {isa = PBXBuildFile; fileRef = 1835AA4D2A12182C00AF3887 /* alma.wav */; };
		1835AA722A12182D00AF3887 /* tirnaq.wav in Resources */ = {isa = PBXBuildFile; fileRef = 1835AA4E2A12182C00AF3887 /* tirnaq.wav */; };
		1835AA732A12182D00AF3887 /* meraba.wav in Resources */ = {isa = PBXBuildFile; fileRef = 1835AA4F2A12182C00AF3887 /* meraba.wav */; };
		1835AA742A12182D00AF3887 /* at.wav in Resources */ = {isa = PBXBuildFile; fileRef = 1835AA502A12182C00AF3887 /* at.wav */; };
		1835AA752A12182D00AF3887 /* armut.wav in Resources */ = {isa = PBXBuildFile; fileRef = 1835AA512A12182C00AF3887 /* armut.wav */; };
		1835AA762A12182D00AF3887 /* selam.wav in Resources */ = {isa = PBXBuildFile; fileRef = 1835AA522A12182C00AF3887 /* selam.wav */; };
		1835AA772A12182D00AF3887 /* al.wav in Resources */ = {isa = PBXBuildFile; fileRef = 1835AA532A12182C00AF3887 /* al.wav */; };
		1835AA782A12182D00AF3887 /* qalem.wav in Resources */ = {isa = PBXBuildFile; fileRef = 1835AA542A12182C00AF3887 /* qalem.wav */; };
		1835AA792A12182D00AF3887 /* portaqal.wav in Resources */ = {isa = PBXBuildFile; fileRef = 1835AA552A12182C00AF3887 /* portaqal.wav */; };
		1835AA7A2A12182D00AF3887 /* qoyan.wav in Resources */ = {isa = PBXBuildFile; fileRef = 1835AA562A12182D00AF3887 /* qoyan.wav */; };
		1835AA7B2A12182D00AF3887 /* turaq.wav in Resources */ = {isa = PBXBuildFile; fileRef = 1835AA572A12182D00AF3887 /* turaq.wav */; };
		1835AA7C2A12182D00AF3887 /* kun.wav in Resources */ = {isa = PBXBuildFile; fileRef = 1835AA582A12182D00AF3887 /* kun.wav */; };
		1835AA7D2A12182D00AF3887 /* aq.wav in Resources */ = {isa = PBXBuildFile; fileRef = 1835AA592A12182D00AF3887 /* aq.wav */; };
		1835AA7E2A12182D00AF3887 /* qoy.wav in Resources */ = {isa = PBXBuildFile; fileRef = 1835AA5A2A12182D00AF3887 /* qoy.wav */; };
		1835AA7F2A12182D00AF3887 /* canta.wav in Resources */ = {isa = PBXBuildFile; fileRef = 1835AA5B2A12182D00AF3887 /* canta.wav */; };
		1835AA802A12182D00AF3887 /* mavi.wav in Resources */ = {isa = PBXBuildFile; fileRef = 1835AA5C2A12182D00AF3887 /* mavi.wav */; };
		1835AA812A12182D00AF3887 /* jirafe.wav in Resources */ = {isa = PBXBuildFile; fileRef = 1835AA5D2A12182D00AF3887 /* jirafe.wav */; };
		1835AA822A12182D00AF3887 /* qursaq.wav in Resources */ = {isa = PBXBuildFile; fileRef = 1835AA5E2A12182D00AF3887 /* qursaq.wav */; };
		1835AA832A12182D00AF3887 /* narguz.wav in Resources */ = {isa = PBXBuildFile; fileRef = 1835AA5F2A12182D00AF3887 /* narguz.wav */; };
		1835AA842A12182D00AF3887 /* ayva.wav in Resources */ = {isa = PBXBuildFile; fileRef = 1835AA602A12182D00AF3887 /* ayva.wav */; };
		1835AA852A12182D00AF3887 /* ahudut.wav in Resources */ = {isa = PBXBuildFile; fileRef = 1835AA612A12182D00AF3887 /* ahudut.wav */; };
		1835AA862A12182D00AF3887 /* qavun.wav in Resources */ = {isa = PBXBuildFile; fileRef = 1835AA622A12182D00AF3887 /* qavun.wav */; };
		1835AA872A12182D00AF3887 /* tis.wav in Resources */ = {isa = PBXBuildFile; fileRef = 1835AA632A12182D00AF3887 /* tis.wav */; };
		1835AA882A12182D00AF3887 /* qara.wav in Resources */ = {isa = PBXBuildFile; fileRef = 1835AA642A12182D00AF3887 /* qara.wav */; };
		1835AA892A12182D00AF3887 /* fil.wav in Resources */ = {isa = PBXBuildFile; fileRef = 1835AA652A12182D00AF3887 /* fil.wav */; };
		1835AA8A2A12182D00AF3887 /* lale.wav in Resources */ = {isa = PBXBuildFile; fileRef = 1835AA662A12182D00AF3887 /* lale.wav */; };
		1835AA8B2A12182D00AF3887 /* bas.wav in Resources */ = {isa = PBXBuildFile; fileRef = 1835AA672A12182D00AF3887 /* bas.wav */; };
		1835AA8C2A12182D00AF3887 /* qaplan.wav in Resources */ = {isa = PBXBuildFile; fileRef = 1835AA682A12182D00AF3887 /* qaplan.wav */; };
		1835AA8D2A12182D00AF3887 /* gul.wav in Resources */ = {isa = PBXBuildFile; fileRef = 1835AA692A12182D00AF3887 /* gul.wav */; };
		1835AA912A1221A500AF3887 /* AppStorage + UserDefaults.swift in Sources */ = {isa = PBXBuildFile; fileRef = 1835AA902A1221A500AF3887 /* AppStorage + UserDefaults.swift */; };
		1835AA932A12249000AF3887 /* RunStack.swift in Sources */ = {isa = PBXBuildFile; fileRef = 1835AA922A12249000AF3887 /* RunStack.swift */; };
		1835AA952A122AB700AF3887 /* checkConnect.json in Sources */ = {isa = PBXBuildFile; fileRef = 1835AA942A122AB700AF3887 /* checkConnect.json */; };
		1835AA962A125BF600AF3887 /* AppInit.json in Resources */ = {isa = PBXBuildFile; fileRef = 1835AA432A12104800AF3887 /* AppInit.json */; };
		183B1D552966D7E800D80509 /* AppError.swift in Sources */ = {isa = PBXBuildFile; fileRef = 183B1D542966D7E800D80509 /* AppError.swift */; };
		183B1D59296732B000D80509 /* AlertsFactory.swift in Sources */ = {isa = PBXBuildFile; fileRef = 183B1D58296732B000D80509 /* AlertsFactory.swift */; };
		1842E0262963823A000E95F4 /* AppStorageExtension.swift in Sources */ = {isa = PBXBuildFile; fileRef = 1842E0252963823A000E95F4 /* AppStorageExtension.swift */; };
		1844642B29393AAF00A2C540 /* AnimateStack.swift in Sources */ = {isa = PBXBuildFile; fileRef = 1844642A29393AAF00A2C540 /* AnimateStack.swift */; };
		185D6D672968653C00B10CD8 /* ActionSheetCell.swift in Sources */ = {isa = PBXBuildFile; fileRef = 185D6D662968653C00B10CD8 /* ActionSheetCell.swift */; };
		185D6D6B296866B700B10CD8 /* ActionSheetModel.swift in Sources */ = {isa = PBXBuildFile; fileRef = 185D6D6A296866B700B10CD8 /* ActionSheetModel.swift */; };
		185D6D6D2968700A00B10CD8 /* ActionSheetFactory.swift in Sources */ = {isa = PBXBuildFile; fileRef = 185D6D6C2968700A00B10CD8 /* ActionSheetFactory.swift */; };
		185D6D6F2968AE0100B10CD8 /* UIView.swift in Sources */ = {isa = PBXBuildFile; fileRef = 185D6D6E2968AE0100B10CD8 /* UIView.swift */; };
		186B681B29C46E1100138526 /* typealias.swift in Sources */ = {isa = PBXBuildFile; fileRef = 186B681A29C46E1100138526 /* typealias.swift */; };
		1878FC6A2A56AC3C00C178CC /* ActionSheetViewController.swift in Sources */ = {isa = PBXBuildFile; fileRef = 185D6D6429685EAB00B10CD8 /* ActionSheetViewController.swift */; };
		187C2BDA291674D40036F43A /* AppDelegate.swift in Sources */ = {isa = PBXBuildFile; fileRef = 187C2BD9291674D40036F43A /* AppDelegate.swift */; };
		187C2BE3291674D70036F43A /* Assets.xcassets in Resources */ = {isa = PBXBuildFile; fileRef = 187C2BE2291674D70036F43A /* Assets.xcassets */; };
		187C2BE6291674D70036F43A /* LaunchScreen.storyboard in Resources */ = {isa = PBXBuildFile; fileRef = 187C2BE4291674D70036F43A /* LaunchScreen.storyboard */; };
		187C2BF22916A7AE0036F43A /* BaseViewController.swift in Sources */ = {isa = PBXBuildFile; fileRef = 187C2BF12916A7AE0036F43A /* BaseViewController.swift */; };
		187C2BF42916A7C40036F43A /* BaseViewModel.swift in Sources */ = {isa = PBXBuildFile; fileRef = 187C2BF32916A7C40036F43A /* BaseViewModel.swift */; };
		187C2BF72916AA420036F43A /* MainViewController.swift in Sources */ = {isa = PBXBuildFile; fileRef = 187C2BF62916AA420036F43A /* MainViewController.swift */; };
		187C2BF92916AA940036F43A /* MainProtocols.swift in Sources */ = {isa = PBXBuildFile; fileRef = 187C2BF82916AA940036F43A /* MainProtocols.swift */; };
		187C2BFB2916AB860036F43A /* MainViewModel.swift in Sources */ = {isa = PBXBuildFile; fileRef = 187C2BFA2916AB860036F43A /* MainViewModel.swift */; };
		187C2BFD2916B0160036F43A /* MainBuilder.swift in Sources */ = {isa = PBXBuildFile; fileRef = 187C2BFC2916B0160036F43A /* MainBuilder.swift */; };
		187C2BFF2916B0900036F43A /* UIEdgeInsets.swift in Sources */ = {isa = PBXBuildFile; fileRef = 187C2BFE2916B08F0036F43A /* UIEdgeInsets.swift */; };
		187C2C012916B3910036F43A /* UIView + Autolayout.swift in Sources */ = {isa = PBXBuildFile; fileRef = 187C2C002916B3910036F43A /* UIView + Autolayout.swift */; };
		187C2C062916EB650036F43A /* AppImage.swift in Sources */ = {isa = PBXBuildFile; fileRef = 187C2C052916EB650036F43A /* AppImage.swift */; };
		187C2C092916F0CF0036F43A /* AppNavigationController.swift in Sources */ = {isa = PBXBuildFile; fileRef = 187C2C082916F0CF0036F43A /* AppNavigationController.swift */; };
		187C2C0B2916F74E0036F43A /* AppColor.swift in Sources */ = {isa = PBXBuildFile; fileRef = 187C2C0A2916F74E0036F43A /* AppColor.swift */; };
		187C2C0D2916F7D50036F43A /* UIColor.swift in Sources */ = {isa = PBXBuildFile; fileRef = 187C2C0C2916F7D50036F43A /* UIColor.swift */; };
		187C2C1B2916FB870036F43A /* SF UI Text Light.otf in Resources */ = {isa = PBXBuildFile; fileRef = 187C2C102916FB870036F43A /* SF UI Text Light.otf */; };
		187C2C1C2916FB870036F43A /* SF UI Text Bold.otf in Resources */ = {isa = PBXBuildFile; fileRef = 187C2C112916FB870036F43A /* SF UI Text Bold.otf */; };
		187C2C1D2916FB870036F43A /* SF-Pro-Display-Light.otf in Resources */ = {isa = PBXBuildFile; fileRef = 187C2C122916FB870036F43A /* SF-Pro-Display-Light.otf */; };
		187C2C1E2916FB870036F43A /* SF-Pro-Display-Regular.otf in Resources */ = {isa = PBXBuildFile; fileRef = 187C2C132916FB870036F43A /* SF-Pro-Display-Regular.otf */; };
		187C2C1F2916FB870036F43A /* Roboto-Regular.ttf in Resources */ = {isa = PBXBuildFile; fileRef = 187C2C142916FB870036F43A /* Roboto-Regular.ttf */; };
		187C2C202916FB870036F43A /* SF-Pro-Display-Bold.otf in Resources */ = {isa = PBXBuildFile; fileRef = 187C2C152916FB870036F43A /* SF-Pro-Display-Bold.otf */; };
		187C2C212916FB870036F43A /* SF-Pro-Display-Medium.otf in Resources */ = {isa = PBXBuildFile; fileRef = 187C2C162916FB870036F43A /* SF-Pro-Display-Medium.otf */; };
		187C2C222916FB870036F43A /* SF UI Text Medium.otf in Resources */ = {isa = PBXBuildFile; fileRef = 187C2C172916FB870036F43A /* SF UI Text Medium.otf */; };
		187C2C232916FB870036F43A /* SF-Pro-Display-Semibold.otf in Resources */ = {isa = PBXBuildFile; fileRef = 187C2C182916FB870036F43A /* SF-Pro-Display-Semibold.otf */; };
		187C2C242916FB870036F43A /* SF UI Text Regular.otf in Resources */ = {isa = PBXBuildFile; fileRef = 187C2C192916FB870036F43A /* SF UI Text Regular.otf */; };
		187C2C252916FB870036F43A /* SF-Pro-Display-Black.otf in Resources */ = {isa = PBXBuildFile; fileRef = 187C2C1A2916FB870036F43A /* SF-Pro-Display-Black.otf */; };
		187C2C282916FBD80036F43A /* AppFont.swift in Sources */ = {isa = PBXBuildFile; fileRef = 187C2C272916FBD80036F43A /* AppFont.swift */; };
		187C2C362917C4670036F43A /* UITableView.swift in Sources */ = {isa = PBXBuildFile; fileRef = 187C2C352917C4670036F43A /* UITableView.swift */; };
		187C2C3B2917E0ED0036F43A /* levels.json in Resources */ = {isa = PBXBuildFile; fileRef = 187C2C3A2917E0ED0036F43A /* levels.json */; };
		187C2C3F2917E4D00036F43A /* API.swift in Sources */ = {isa = PBXBuildFile; fileRef = 187C2C3E2917E4D00036F43A /* API.swift */; };
		187C2C49291861C10036F43A /* LevelsTarget.swift in Sources */ = {isa = PBXBuildFile; fileRef = 187C2C48291861C10036F43A /* LevelsTarget.swift */; };
		187C2C4C29186EB90036F43A /* AppLogger.swift in Sources */ = {isa = PBXBuildFile; fileRef = 187C2C4B29186EB90036F43A /* AppLogger.swift */; };
		187C2C4E29186F280036F43A /* TargetProtocol.swift in Sources */ = {isa = PBXBuildFile; fileRef = 187C2C4D29186F280036F43A /* TargetProtocol.swift */; };
		187C2C5029194E1E0036F43A /* Data.swift in Sources */ = {isa = PBXBuildFile; fileRef = 187C2C4F29194E1E0036F43A /* Data.swift */; };
		187C2C52291963730036F43A /* BuildConfig.swift in Sources */ = {isa = PBXBuildFile; fileRef = 187C2C51291963730036F43A /* BuildConfig.swift */; };
		187C2C572919792A0036F43A /* AppStorage.swift in Sources */ = {isa = PBXBuildFile; fileRef = 187C2C562919792A0036F43A /* AppStorage.swift */; };
		187C2C5D29199FBD0036F43A /* Array.swift in Sources */ = {isa = PBXBuildFile; fileRef = 187C2C5C29199FBD0036F43A /* Array.swift */; };
		187CD5C92A16BC5700D6D981 /* LevelsResponse.swift in Sources */ = {isa = PBXBuildFile; fileRef = 187CD5C82A16BC5700D6D981 /* LevelsResponse.swift */; };
		187CD5CB2A16BE4A00D6D981 /* LevelsRequest.swift in Sources */ = {isa = PBXBuildFile; fileRef = 187CD5CA2A16BE4A00D6D981 /* LevelsRequest.swift */; };
		18A1AD3F2A15607700345121 /* SettingsValueCell.swift in Sources */ = {isa = PBXBuildFile; fileRef = 18A1AD3E2A15607700345121 /* SettingsValueCell.swift */; };
		18BC84F6296443EB006F17CD /* SoundPlayer.swift in Sources */ = {isa = PBXBuildFile; fileRef = 18BC84F5296443EB006F17CD /* SoundPlayer.swift */; };
		18D90A5F2A33C4180077AB3E /* Level 1.json in Resources */ = {isa = PBXBuildFile; fileRef = 182D93252A120F3900B64C62 /* Level 1.json */; };
		18D943E52A13EE5F000BEF86 /* EasyTipView.swift in Sources */ = {isa = PBXBuildFile; fileRef = 18D943E42A13EE5E000BEF86 /* EasyTipView.swift */; };
		18D943E82A1424F4000BEF86 /* EasyTipView in Frameworks */ = {isa = PBXBuildFile; productRef = 18D943E72A1424F4000BEF86 /* EasyTipView */; };
		18DFF7AA2A17D66600FD7A2E /* AdvancedOperators.swift in Sources */ = {isa = PBXBuildFile; fileRef = 18DFF7A92A17D66600FD7A2E /* AdvancedOperators.swift */; };
		18DFF7AD2A18043B00FD7A2E /* AppInitRequest.swift in Sources */ = {isa = PBXBuildFile; fileRef = 18DFF7AC2A18043B00FD7A2E /* AppInitRequest.swift */; };
		18E34EB229D9882F0094CBBA /* AppText.swift in Sources */ = {isa = PBXBuildFile; fileRef = 18E34EB129D9882F0094CBBA /* AppText.swift */; };
		18F2C9682A55C15900D7311B /* BottomSheetContainer.swift in Sources */ = {isa = PBXBuildFile; fileRef = 18F2C9672A55C15900D7311B /* BottomSheetContainer.swift */; };
		18FBB1892A19F9DE00BE1A4C /* AppLabel.swift in Sources */ = {isa = PBXBuildFile; fileRef = 18FBB1882A19F9DE00BE1A4C /* AppLabel.swift */; };
		18FBB18B2A19FD5500BE1A4C /* AppButton.swift in Sources */ = {isa = PBXBuildFile; fileRef = 18FBB18A2A19FD5500BE1A4C /* AppButton.swift */; };
		18FBB18D2A1A048800BE1A4C /* AppView.swift in Sources */ = {isa = PBXBuildFile; fileRef = 18FBB18C2A1A048800BE1A4C /* AppView.swift */; };
/* End PBXBuildFile section */

/* Begin PBXFileReference section */
		180595ED2A0FAC48006A0E2A /* Parameter.swift */ = {isa = PBXFileReference; lastKnownFileType = sourcecode.swift; path = Parameter.swift; sourceTree = "<group>"; };
		180595EF2A0FB15D006A0E2A /* CharacterType.swift */ = {isa = PBXFileReference; lastKnownFileType = sourcecode.swift; path = CharacterType.swift; sourceTree = "<group>"; };
		1805960F2A119F71006A0E2A /* appInit.json */ = {isa = PBXFileReference; lastKnownFileType = text.json; path = appInit.json; sourceTree = "<group>"; };
		1813F3D72A0E94E9001BDBFC /* Codable.swift */ = {isa = PBXFileReference; lastKnownFileType = sourcecode.swift; path = Codable.swift; sourceTree = "<group>"; };
		1813F3DB2A0E98BC001BDBFC /* AppInitResponse.swift */ = {isa = PBXFileReference; lastKnownFileType = sourcecode.swift; path = AppInitResponse.swift; sourceTree = "<group>"; };
		1813F3DD2A0EDA16001BDBFC /* ApiResponse.swift */ = {isa = PBXFileReference; lastKnownFileType = sourcecode.swift; path = ApiResponse.swift; sourceTree = "<group>"; };
		1819F9022A0CC9F20096BA84 /* AppConstants.swift */ = {isa = PBXFileReference; lastKnownFileType = sourcecode.swift; path = AppConstants.swift; sourceTree = "<group>"; };
		1820F423292A602B00D33069 /* KeyboardView.swift */ = {isa = PBXFileReference; lastKnownFileType = sourcecode.swift; path = KeyboardView.swift; sourceTree = "<group>"; };
		182D93252A120F3900B64C62 /* Level 1.json */ = {isa = PBXFileReference; lastKnownFileType = text.json; path = "Level 1.json"; sourceTree = "<group>"; };
		1835AA2F2A120FCE00AF3887 /* Level 3.json */ = {isa = PBXFileReference; fileEncoding = 4; lastKnownFileType = text.json; path = "Level 3.json"; sourceTree = "<group>"; };
		1835AA302A120FCE00AF3887 /* Level 9.json */ = {isa = PBXFileReference; fileEncoding = 4; lastKnownFileType = text.json; path = "Level 9.json"; sourceTree = "<group>"; };
		1835AA312A120FCE00AF3887 /* Level 6.json */ = {isa = PBXFileReference; fileEncoding = 4; lastKnownFileType = text.json; path = "Level 6.json"; sourceTree = "<group>"; };
		1835AA322A120FCE00AF3887 /* Level 4.json */ = {isa = PBXFileReference; fileEncoding = 4; lastKnownFileType = text.json; path = "Level 4.json"; sourceTree = "<group>"; };
		1835AA332A120FCE00AF3887 /* Level 5.json */ = {isa = PBXFileReference; fileEncoding = 4; lastKnownFileType = text.json; path = "Level 5.json"; sourceTree = "<group>"; };
		1835AA342A120FCE00AF3887 /* Level 2.json */ = {isa = PBXFileReference; fileEncoding = 4; lastKnownFileType = text.json; path = "Level 2.json"; sourceTree = "<group>"; };
		1835AA352A120FCE00AF3887 /* Level 8.json */ = {isa = PBXFileReference; fileEncoding = 4; lastKnownFileType = text.json; path = "Level 8.json"; sourceTree = "<group>"; };
		1835AA362A120FCE00AF3887 /* Level 10.json */ = {isa = PBXFileReference; fileEncoding = 4; lastKnownFileType = text.json; path = "Level 10.json"; sourceTree = "<group>"; };
		1835AA372A120FCE00AF3887 /* Level 7.json */ = {isa = PBXFileReference; fileEncoding = 4; lastKnownFileType = text.json; path = "Level 7.json"; sourceTree = "<group>"; };
		1835AA432A12104800AF3887 /* AppInit.json */ = {isa = PBXFileReference; lastKnownFileType = text.json; path = AppInit.json; sourceTree = "<group>"; };
		1835AA462A12182C00AF3887 /* deve.wav */ = {isa = PBXFileReference; lastKnownFileType = audio.wav; path = deve.wav; sourceTree = "<group>"; };
		1835AA472A12182C00AF3887 /* men.wav */ = {isa = PBXFileReference; lastKnownFileType = audio.wav; path = men.wav; sourceTree = "<group>"; };
		1835AA482A12182C00AF3887 /* dut.wav */ = {isa = PBXFileReference; lastKnownFileType = audio.wav; path = dut.wav; sourceTree = "<group>"; };
		1835AA492A12182C00AF3887 /* saqal.wav */ = {isa = PBXFileReference; lastKnownFileType = audio.wav; path = saqal.wav; sourceTree = "<group>"; };
		1835AA4A2A12182C00AF3887 /* qulaq.wav */ = {isa = PBXFileReference; lastKnownFileType = audio.wav; path = qulaq.wav; sourceTree = "<group>"; };
		1835AA4B2A12182C00AF3887 /* sari.wav */ = {isa = PBXFileReference; lastKnownFileType = audio.wav; path = sari.wav; sourceTree = "<group>"; };
		1835AA4C2A12182C00AF3887 /* esil.wav */ = {isa = PBXFileReference; lastKnownFileType = audio.wav; path = esil.wav; sourceTree = "<group>"; };
		1835AA4D2A12182C00AF3887 /* alma.wav */ = {isa = PBXFileReference; lastKnownFileType = audio.wav; path = alma.wav; sourceTree = "<group>"; };
		1835AA4E2A12182C00AF3887 /* tirnaq.wav */ = {isa = PBXFileReference; lastKnownFileType = audio.wav; path = tirnaq.wav; sourceTree = "<group>"; };
		1835AA4F2A12182C00AF3887 /* meraba.wav */ = {isa = PBXFileReference; lastKnownFileType = audio.wav; path = meraba.wav; sourceTree = "<group>"; };
		1835AA502A12182C00AF3887 /* at.wav */ = {isa = PBXFileReference; lastKnownFileType = audio.wav; path = at.wav; sourceTree = "<group>"; };
		1835AA512A12182C00AF3887 /* armut.wav */ = {isa = PBXFileReference; lastKnownFileType = audio.wav; path = armut.wav; sourceTree = "<group>"; };
		1835AA522A12182C00AF3887 /* selam.wav */ = {isa = PBXFileReference; lastKnownFileType = audio.wav; path = selam.wav; sourceTree = "<group>"; };
		1835AA532A12182C00AF3887 /* al.wav */ = {isa = PBXFileReference; lastKnownFileType = audio.wav; path = al.wav; sourceTree = "<group>"; };
		1835AA542A12182C00AF3887 /* qalem.wav */ = {isa = PBXFileReference; lastKnownFileType = audio.wav; path = qalem.wav; sourceTree = "<group>"; };
		1835AA552A12182C00AF3887 /* portaqal.wav */ = {isa = PBXFileReference; lastKnownFileType = audio.wav; path = portaqal.wav; sourceTree = "<group>"; };
		1835AA562A12182D00AF3887 /* qoyan.wav */ = {isa = PBXFileReference; lastKnownFileType = audio.wav; path = qoyan.wav; sourceTree = "<group>"; };
		1835AA572A12182D00AF3887 /* turaq.wav */ = {isa = PBXFileReference; lastKnownFileType = audio.wav; path = turaq.wav; sourceTree = "<group>"; };
		1835AA582A12182D00AF3887 /* kun.wav */ = {isa = PBXFileReference; lastKnownFileType = audio.wav; path = kun.wav; sourceTree = "<group>"; };
		1835AA592A12182D00AF3887 /* aq.wav */ = {isa = PBXFileReference; lastKnownFileType = audio.wav; path = aq.wav; sourceTree = "<group>"; };
		1835AA5A2A12182D00AF3887 /* qoy.wav */ = {isa = PBXFileReference; lastKnownFileType = audio.wav; path = qoy.wav; sourceTree = "<group>"; };
		1835AA5B2A12182D00AF3887 /* canta.wav */ = {isa = PBXFileReference; lastKnownFileType = audio.wav; path = canta.wav; sourceTree = "<group>"; };
		1835AA5C2A12182D00AF3887 /* mavi.wav */ = {isa = PBXFileReference; lastKnownFileType = audio.wav; path = mavi.wav; sourceTree = "<group>"; };
		1835AA5D2A12182D00AF3887 /* jirafe.wav */ = {isa = PBXFileReference; lastKnownFileType = audio.wav; path = jirafe.wav; sourceTree = "<group>"; };
		1835AA5E2A12182D00AF3887 /* qursaq.wav */ = {isa = PBXFileReference; lastKnownFileType = audio.wav; path = qursaq.wav; sourceTree = "<group>"; };
		1835AA5F2A12182D00AF3887 /* narguz.wav */ = {isa = PBXFileReference; lastKnownFileType = audio.wav; path = narguz.wav; sourceTree = "<group>"; };
		1835AA602A12182D00AF3887 /* ayva.wav */ = {isa = PBXFileReference; lastKnownFileType = audio.wav; path = ayva.wav; sourceTree = "<group>"; };
		1835AA612A12182D00AF3887 /* ahudut.wav */ = {isa = PBXFileReference; lastKnownFileType = audio.wav; path = ahudut.wav; sourceTree = "<group>"; };
		1835AA622A12182D00AF3887 /* qavun.wav */ = {isa = PBXFileReference; lastKnownFileType = audio.wav; path = qavun.wav; sourceTree = "<group>"; };
		1835AA632A12182D00AF3887 /* tis.wav */ = {isa = PBXFileReference; lastKnownFileType = audio.wav; path = tis.wav; sourceTree = "<group>"; };
		1835AA642A12182D00AF3887 /* qara.wav */ = {isa = PBXFileReference; lastKnownFileType = audio.wav; path = qara.wav; sourceTree = "<group>"; };
		1835AA652A12182D00AF3887 /* fil.wav */ = {isa = PBXFileReference; lastKnownFileType = audio.wav; path = fil.wav; sourceTree = "<group>"; };
		1835AA662A12182D00AF3887 /* lale.wav */ = {isa = PBXFileReference; lastKnownFileType = audio.wav; path = lale.wav; sourceTree = "<group>"; };
		1835AA672A12182D00AF3887 /* bas.wav */ = {isa = PBXFileReference; lastKnownFileType = audio.wav; path = bas.wav; sourceTree = "<group>"; };
		1835AA682A12182D00AF3887 /* qaplan.wav */ = {isa = PBXFileReference; lastKnownFileType = audio.wav; path = qaplan.wav; sourceTree = "<group>"; };
		1835AA692A12182D00AF3887 /* gul.wav */ = {isa = PBXFileReference; lastKnownFileType = audio.wav; path = gul.wav; sourceTree = "<group>"; };
		1835AA902A1221A500AF3887 /* AppStorage + UserDefaults.swift */ = {isa = PBXFileReference; lastKnownFileType = sourcecode.swift; path = "AppStorage + UserDefaults.swift"; sourceTree = "<group>"; };
		1835AA922A12249000AF3887 /* RunStack.swift */ = {isa = PBXFileReference; lastKnownFileType = sourcecode.swift; path = RunStack.swift; sourceTree = "<group>"; };
		1835AA942A122AB700AF3887 /* checkConnect.json */ = {isa = PBXFileReference; lastKnownFileType = text.json; path = checkConnect.json; sourceTree = "<group>"; };
		183B1D542966D7E800D80509 /* AppError.swift */ = {isa = PBXFileReference; lastKnownFileType = sourcecode.swift; path = AppError.swift; sourceTree = "<group>"; };
		183B1D58296732B000D80509 /* AlertsFactory.swift */ = {isa = PBXFileReference; lastKnownFileType = sourcecode.swift; path = AlertsFactory.swift; sourceTree = "<group>"; };
		183B1D5B296754C200D80509 /* LevelsBuilder.swift */ = {isa = PBXFileReference; lastKnownFileType = sourcecode.swift; path = LevelsBuilder.swift; sourceTree = "<group>"; };
		183B1D5D296754D400D80509 /* LevelsProtocol.swift */ = {isa = PBXFileReference; lastKnownFileType = sourcecode.swift; path = LevelsProtocol.swift; sourceTree = "<group>"; };
		183B1D5F296754E000D80509 /* LevelsViewController.swift */ = {isa = PBXFileReference; lastKnownFileType = sourcecode.swift; path = LevelsViewController.swift; sourceTree = "<group>"; };
		183B1D61296754E900D80509 /* LevelsViewModel.swift */ = {isa = PBXFileReference; lastKnownFileType = sourcecode.swift; path = LevelsViewModel.swift; sourceTree = "<group>"; };
		183B1D6429675B6D00D80509 /* LevelsCollectionCell.swift */ = {isa = PBXFileReference; lastKnownFileType = sourcecode.swift; path = LevelsCollectionCell.swift; sourceTree = "<group>"; };
		183B1D672967634500D80509 /* LevelsCellModel.swift */ = {isa = PBXFileReference; lastKnownFileType = sourcecode.swift; path = LevelsCellModel.swift; sourceTree = "<group>"; };
		1842E0252963823A000E95F4 /* AppStorageExtension.swift */ = {isa = PBXFileReference; lastKnownFileType = sourcecode.swift; path = AppStorageExtension.swift; sourceTree = "<group>"; };
		1844642A29393AAF00A2C540 /* AnimateStack.swift */ = {isa = PBXFileReference; lastKnownFileType = sourcecode.swift; path = AnimateStack.swift; sourceTree = "<group>"; };
		184E29C72960BAE400B54C63 /* AdditionalCell.swift */ = {isa = PBXFileReference; lastKnownFileType = sourcecode.swift; path = AdditionalCell.swift; sourceTree = "<group>"; };
		185B5DA3293C8FDF001B726D /* GizliSoz.app */ = {isa = PBXFileReference; explicitFileType = wrapper.application; includeInIndex = 0; path = GizliSoz.app; sourceTree = BUILT_PRODUCTS_DIR; };
		185B5DAA293C9F36001B726D /* KeyboardLogic.swift */ = {isa = PBXFileReference; lastKnownFileType = sourcecode.swift; path = KeyboardLogic.swift; sourceTree = "<group>"; };
		185B5DAC293CA00F001B726D /* KeyboardGestureRecognizer.swift */ = {isa = PBXFileReference; lastKnownFileType = sourcecode.swift; path = KeyboardGestureRecognizer.swift; sourceTree = "<group>"; };
		185D6D502968274A00B10CD8 /* SettingsBuilder.swift */ = {isa = PBXFileReference; lastKnownFileType = sourcecode.swift; path = SettingsBuilder.swift; sourceTree = "<group>"; };
		185D6D522968275600B10CD8 /* SettingsProtocols.swift */ = {isa = PBXFileReference; lastKnownFileType = sourcecode.swift; path = SettingsProtocols.swift; sourceTree = "<group>"; };
		185D6D542968276A00B10CD8 /* SettingsViewController.swift */ = {isa = PBXFileReference; lastKnownFileType = sourcecode.swift; path = SettingsViewController.swift; sourceTree = "<group>"; };
		185D6D562968277500B10CD8 /* SettingsViewModel.swift */ = {isa = PBXFileReference; lastKnownFileType = sourcecode.swift; path = SettingsViewModel.swift; sourceTree = "<group>"; };
		185D6D5929682C3F00B10CD8 /* SettingsSwitchCell.swift */ = {isa = PBXFileReference; lastKnownFileType = sourcecode.swift; path = SettingsSwitchCell.swift; sourceTree = "<group>"; };
		185D6D5C2968303600B10CD8 /* SettingsCellModel.swift */ = {isa = PBXFileReference; lastKnownFileType = sourcecode.swift; path = SettingsCellModel.swift; sourceTree = "<group>"; };
		185D6D6029683A1200B10CD8 /* SettingsMoreCell.swift */ = {isa = PBXFileReference; lastKnownFileType = sourcecode.swift; path = SettingsMoreCell.swift; sourceTree = "<group>"; };
		185D6D6429685EAB00B10CD8 /* ActionSheetViewController.swift */ = {isa = PBXFileReference; lastKnownFileType = sourcecode.swift; path = ActionSheetViewController.swift; sourceTree = "<group>"; };
		185D6D662968653C00B10CD8 /* ActionSheetCell.swift */ = {isa = PBXFileReference; lastKnownFileType = sourcecode.swift; path = ActionSheetCell.swift; sourceTree = "<group>"; };
		185D6D6A296866B700B10CD8 /* ActionSheetModel.swift */ = {isa = PBXFileReference; lastKnownFileType = sourcecode.swift; path = ActionSheetModel.swift; sourceTree = "<group>"; };
		185D6D6C2968700A00B10CD8 /* ActionSheetFactory.swift */ = {isa = PBXFileReference; lastKnownFileType = sourcecode.swift; path = ActionSheetFactory.swift; sourceTree = "<group>"; };
		185D6D6E2968AE0100B10CD8 /* UIView.swift */ = {isa = PBXFileReference; lastKnownFileType = sourcecode.swift; path = UIView.swift; sourceTree = "<group>"; };
		186B681A29C46E1100138526 /* typealias.swift */ = {isa = PBXFileReference; lastKnownFileType = sourcecode.swift; path = typealias.swift; sourceTree = "<group>"; };
		187C2BD9291674D40036F43A /* AppDelegate.swift */ = {isa = PBXFileReference; lastKnownFileType = sourcecode.swift; path = AppDelegate.swift; sourceTree = "<group>"; };
		187C2BE2291674D70036F43A /* Assets.xcassets */ = {isa = PBXFileReference; lastKnownFileType = folder.assetcatalog; path = Assets.xcassets; sourceTree = "<group>"; };
		187C2BE5291674D70036F43A /* Base */ = {isa = PBXFileReference; lastKnownFileType = file.storyboard; name = Base; path = Base.lproj/LaunchScreen.storyboard; sourceTree = "<group>"; };
		187C2BE7291674D70036F43A /* Info.plist */ = {isa = PBXFileReference; lastKnownFileType = text.plist.xml; path = Info.plist; sourceTree = "<group>"; };
		187C2BF12916A7AE0036F43A /* BaseViewController.swift */ = {isa = PBXFileReference; lastKnownFileType = sourcecode.swift; path = BaseViewController.swift; sourceTree = "<group>"; };
		187C2BF32916A7C40036F43A /* BaseViewModel.swift */ = {isa = PBXFileReference; lastKnownFileType = sourcecode.swift; path = BaseViewModel.swift; sourceTree = "<group>"; };
		187C2BF62916AA420036F43A /* MainViewController.swift */ = {isa = PBXFileReference; lastKnownFileType = sourcecode.swift; path = MainViewController.swift; sourceTree = "<group>"; };
		187C2BF82916AA940036F43A /* MainProtocols.swift */ = {isa = PBXFileReference; lastKnownFileType = sourcecode.swift; path = MainProtocols.swift; sourceTree = "<group>"; };
		187C2BFA2916AB860036F43A /* MainViewModel.swift */ = {isa = PBXFileReference; lastKnownFileType = sourcecode.swift; path = MainViewModel.swift; sourceTree = "<group>"; };
		187C2BFC2916B0160036F43A /* MainBuilder.swift */ = {isa = PBXFileReference; lastKnownFileType = sourcecode.swift; path = MainBuilder.swift; sourceTree = "<group>"; };
		187C2BFE2916B08F0036F43A /* UIEdgeInsets.swift */ = {isa = PBXFileReference; lastKnownFileType = sourcecode.swift; path = UIEdgeInsets.swift; sourceTree = "<group>"; };
		187C2C002916B3910036F43A /* UIView + Autolayout.swift */ = {isa = PBXFileReference; lastKnownFileType = sourcecode.swift; path = "UIView + Autolayout.swift"; sourceTree = "<group>"; };
		187C2C052916EB650036F43A /* AppImage.swift */ = {isa = PBXFileReference; lastKnownFileType = sourcecode.swift; path = AppImage.swift; sourceTree = "<group>"; };
		187C2C082916F0CF0036F43A /* AppNavigationController.swift */ = {isa = PBXFileReference; lastKnownFileType = sourcecode.swift; path = AppNavigationController.swift; sourceTree = "<group>"; };
		187C2C0A2916F74E0036F43A /* AppColor.swift */ = {isa = PBXFileReference; lastKnownFileType = sourcecode.swift; path = AppColor.swift; sourceTree = "<group>"; };
		187C2C0C2916F7D50036F43A /* UIColor.swift */ = {isa = PBXFileReference; lastKnownFileType = sourcecode.swift; path = UIColor.swift; sourceTree = "<group>"; };
		187C2C102916FB870036F43A /* SF UI Text Light.otf */ = {isa = PBXFileReference; lastKnownFileType = file; path = "SF UI Text Light.otf"; sourceTree = "<group>"; };
		187C2C112916FB870036F43A /* SF UI Text Bold.otf */ = {isa = PBXFileReference; lastKnownFileType = file; path = "SF UI Text Bold.otf"; sourceTree = "<group>"; };
		187C2C122916FB870036F43A /* SF-Pro-Display-Light.otf */ = {isa = PBXFileReference; lastKnownFileType = file; path = "SF-Pro-Display-Light.otf"; sourceTree = "<group>"; };
		187C2C132916FB870036F43A /* SF-Pro-Display-Regular.otf */ = {isa = PBXFileReference; lastKnownFileType = file; path = "SF-Pro-Display-Regular.otf"; sourceTree = "<group>"; };
		187C2C142916FB870036F43A /* Roboto-Regular.ttf */ = {isa = PBXFileReference; lastKnownFileType = file; path = "Roboto-Regular.ttf"; sourceTree = "<group>"; };
		187C2C152916FB870036F43A /* SF-Pro-Display-Bold.otf */ = {isa = PBXFileReference; lastKnownFileType = file; path = "SF-Pro-Display-Bold.otf"; sourceTree = "<group>"; };
		187C2C162916FB870036F43A /* SF-Pro-Display-Medium.otf */ = {isa = PBXFileReference; lastKnownFileType = file; path = "SF-Pro-Display-Medium.otf"; sourceTree = "<group>"; };
		187C2C172916FB870036F43A /* SF UI Text Medium.otf */ = {isa = PBXFileReference; lastKnownFileType = file; path = "SF UI Text Medium.otf"; sourceTree = "<group>"; };
		187C2C182916FB870036F43A /* SF-Pro-Display-Semibold.otf */ = {isa = PBXFileReference; lastKnownFileType = file; path = "SF-Pro-Display-Semibold.otf"; sourceTree = "<group>"; };
		187C2C192916FB870036F43A /* SF UI Text Regular.otf */ = {isa = PBXFileReference; lastKnownFileType = file; path = "SF UI Text Regular.otf"; sourceTree = "<group>"; };
		187C2C1A2916FB870036F43A /* SF-Pro-Display-Black.otf */ = {isa = PBXFileReference; lastKnownFileType = file; path = "SF-Pro-Display-Black.otf"; sourceTree = "<group>"; };
		187C2C272916FBD80036F43A /* AppFont.swift */ = {isa = PBXFileReference; lastKnownFileType = sourcecode.swift; path = AppFont.swift; sourceTree = "<group>"; };
		187C2C2A2917BC5F0036F43A /* LevelProtocols.swift */ = {isa = PBXFileReference; lastKnownFileType = sourcecode.swift; path = LevelProtocols.swift; sourceTree = "<group>"; };
		187C2C2C2917BC6F0036F43A /* LevelBuilder.swift */ = {isa = PBXFileReference; lastKnownFileType = sourcecode.swift; path = LevelBuilder.swift; sourceTree = "<group>"; };
		187C2C2E2917BC790036F43A /* LevelViewController.swift */ = {isa = PBXFileReference; lastKnownFileType = sourcecode.swift; path = LevelViewController.swift; sourceTree = "<group>"; };
		187C2C302917BC850036F43A /* LevelViewModel.swift */ = {isa = PBXFileReference; lastKnownFileType = sourcecode.swift; path = LevelViewModel.swift; sourceTree = "<group>"; };
		187C2C332917C0790036F43A /* CrossCell.swift */ = {isa = PBXFileReference; lastKnownFileType = sourcecode.swift; path = CrossCell.swift; sourceTree = "<group>"; };
		187C2C352917C4670036F43A /* UITableView.swift */ = {isa = PBXFileReference; lastKnownFileType = sourcecode.swift; path = UITableView.swift; sourceTree = "<group>"; };
		187C2C372917C65C0036F43A /* KeyboardCell.swift */ = {isa = PBXFileReference; lastKnownFileType = sourcecode.swift; path = KeyboardCell.swift; sourceTree = "<group>"; };
		187C2C3A2917E0ED0036F43A /* levels.json */ = {isa = PBXFileReference; fileEncoding = 4; lastKnownFileType = text.json; path = levels.json; sourceTree = "<group>"; };
		187C2C3E2917E4D00036F43A /* API.swift */ = {isa = PBXFileReference; lastKnownFileType = sourcecode.swift; path = API.swift; sourceTree = "<group>"; };
		187C2C48291861C10036F43A /* LevelsTarget.swift */ = {isa = PBXFileReference; lastKnownFileType = sourcecode.swift; path = LevelsTarget.swift; sourceTree = "<group>"; };
		187C2C4B29186EB90036F43A /* AppLogger.swift */ = {isa = PBXFileReference; lastKnownFileType = sourcecode.swift; path = AppLogger.swift; sourceTree = "<group>"; };
		187C2C4D29186F280036F43A /* TargetProtocol.swift */ = {isa = PBXFileReference; lastKnownFileType = sourcecode.swift; path = TargetProtocol.swift; sourceTree = "<group>"; };
		187C2C4F29194E1E0036F43A /* Data.swift */ = {isa = PBXFileReference; lastKnownFileType = sourcecode.swift; path = Data.swift; sourceTree = "<group>"; };
		187C2C51291963730036F43A /* BuildConfig.swift */ = {isa = PBXFileReference; lastKnownFileType = sourcecode.swift; path = BuildConfig.swift; sourceTree = "<group>"; };
		187C2C532919670C0036F43A /* CrossView.swift */ = {isa = PBXFileReference; lastKnownFileType = sourcecode.swift; path = CrossView.swift; sourceTree = "<group>"; };
		187C2C562919792A0036F43A /* AppStorage.swift */ = {isa = PBXFileReference; lastKnownFileType = sourcecode.swift; path = AppStorage.swift; sourceTree = "<group>"; };
		187C2C5C29199FBD0036F43A /* Array.swift */ = {isa = PBXFileReference; lastKnownFileType = sourcecode.swift; path = Array.swift; sourceTree = "<group>"; };
		187CD5C82A16BC5700D6D981 /* LevelsResponse.swift */ = {isa = PBXFileReference; lastKnownFileType = sourcecode.swift; path = LevelsResponse.swift; sourceTree = "<group>"; };
		187CD5CA2A16BE4A00D6D981 /* LevelsRequest.swift */ = {isa = PBXFileReference; lastKnownFileType = sourcecode.swift; path = LevelsRequest.swift; sourceTree = "<group>"; };
		18A1AD3E2A15607700345121 /* SettingsValueCell.swift */ = {isa = PBXFileReference; lastKnownFileType = sourcecode.swift; path = SettingsValueCell.swift; sourceTree = "<group>"; };
		18BC84F5296443EB006F17CD /* SoundPlayer.swift */ = {isa = PBXFileReference; lastKnownFileType = sourcecode.swift; path = SoundPlayer.swift; sourceTree = "<group>"; };
		18D6880829D6121A00D28216 /* WordsListProtocol.swift */ = {isa = PBXFileReference; lastKnownFileType = sourcecode.swift; path = WordsListProtocol.swift; sourceTree = "<group>"; };
		18D6880A29D6122900D28216 /* WordsListBuilder.swift */ = {isa = PBXFileReference; lastKnownFileType = sourcecode.swift; path = WordsListBuilder.swift; sourceTree = "<group>"; };
		18D6880C29D6123A00D28216 /* WordsListViewController.swift */ = {isa = PBXFileReference; lastKnownFileType = sourcecode.swift; path = WordsListViewController.swift; sourceTree = "<group>"; };
		18D6880E29D6124600D28216 /* WordsListViewModel.swift */ = {isa = PBXFileReference; lastKnownFileType = sourcecode.swift; path = WordsListViewModel.swift; sourceTree = "<group>"; };
		18D943E42A13EE5E000BEF86 /* EasyTipView.swift */ = {isa = PBXFileReference; lastKnownFileType = sourcecode.swift; path = EasyTipView.swift; sourceTree = "<group>"; };
		18DFF7A82A17BD2200FD7A2E /* GizliSoz.entitlements */ = {isa = PBXFileReference; lastKnownFileType = text.plist.entitlements; path = GizliSoz.entitlements; sourceTree = "<group>"; };
		18DFF7A92A17D66600FD7A2E /* AdvancedOperators.swift */ = {isa = PBXFileReference; lastKnownFileType = sourcecode.swift; path = AdvancedOperators.swift; sourceTree = "<group>"; };
		18DFF7AC2A18043B00FD7A2E /* AppInitRequest.swift */ = {isa = PBXFileReference; lastKnownFileType = sourcecode.swift; path = AppInitRequest.swift; sourceTree = "<group>"; };
		18E34EAF29D96ECD0094CBBA /* WordTableCell.swift */ = {isa = PBXFileReference; lastKnownFileType = sourcecode.swift; path = WordTableCell.swift; sourceTree = "<group>"; };
		18E34EB129D9882F0094CBBA /* AppText.swift */ = {isa = PBXFileReference; lastKnownFileType = sourcecode.swift; path = AppText.swift; sourceTree = "<group>"; };
		18E34EB329D9D10B0094CBBA /* WordTableHeader.swift */ = {isa = PBXFileReference; lastKnownFileType = sourcecode.swift; path = WordTableHeader.swift; sourceTree = "<group>"; };
		18F2C9672A55C15900D7311B /* BottomSheetContainer.swift */ = {isa = PBXFileReference; lastKnownFileType = sourcecode.swift; path = BottomSheetContainer.swift; sourceTree = "<group>"; };
		18FBB1882A19F9DE00BE1A4C /* AppLabel.swift */ = {isa = PBXFileReference; lastKnownFileType = sourcecode.swift; path = AppLabel.swift; sourceTree = "<group>"; };
		18FBB18A2A19FD5500BE1A4C /* AppButton.swift */ = {isa = PBXFileReference; lastKnownFileType = sourcecode.swift; path = AppButton.swift; sourceTree = "<group>"; };
		18FBB18C2A1A048800BE1A4C /* AppView.swift */ = {isa = PBXFileReference; lastKnownFileType = sourcecode.swift; path = AppView.swift; sourceTree = "<group>"; };
/* End PBXFileReference section */

/* Begin PBXFrameworksBuildPhase section */
		187C2BD3291674D40036F43A /* Frameworks */ = {
			isa = PBXFrameworksBuildPhase;
			buildActionMask = 2147483647;
			files = (
				18D943E82A1424F4000BEF86 /* EasyTipView in Frameworks */,
			);
			runOnlyForDeploymentPostprocessing = 0;
		};
/* End PBXFrameworksBuildPhase section */

/* Begin PBXGroup section */
		180595EC2A0FAC16006A0E2A /* Common */ = {
			isa = PBXGroup;
			children = (
				1813F3DD2A0EDA16001BDBFC /* ApiResponse.swift */,
				180595ED2A0FAC48006A0E2A /* Parameter.swift */,
				180595EF2A0FB15D006A0E2A /* CharacterType.swift */,
			);
			path = Common;
			sourceTree = "<group>";
		};
		182D93242A120F0B00B64C62 /* LocalContent */ = {
			isa = PBXGroup;
			children = (
				1835AA422A12103A00AF3887 /* AppInit */,
				1835AA412A12102900AF3887 /* Levels */,
				1835AA452A12152900AF3887 /* Voiceover */,
			);
			path = LocalContent;
			sourceTree = "<group>";
			usesTabs = 0;
		};
		1835AA412A12102900AF3887 /* Levels */ = {
			isa = PBXGroup;
			children = (
				182D93252A120F3900B64C62 /* Level 1.json */,
				1835AA342A120FCE00AF3887 /* Level 2.json */,
				1835AA2F2A120FCE00AF3887 /* Level 3.json */,
				1835AA322A120FCE00AF3887 /* Level 4.json */,
				1835AA332A120FCE00AF3887 /* Level 5.json */,
				1835AA312A120FCE00AF3887 /* Level 6.json */,
				1835AA372A120FCE00AF3887 /* Level 7.json */,
				1835AA352A120FCE00AF3887 /* Level 8.json */,
				1835AA302A120FCE00AF3887 /* Level 9.json */,
				1835AA362A120FCE00AF3887 /* Level 10.json */,
			);
			path = Levels;
			sourceTree = "<group>";
		};
		1835AA422A12103A00AF3887 /* AppInit */ = {
			isa = PBXGroup;
			children = (
				1835AA432A12104800AF3887 /* AppInit.json */,
			);
			path = AppInit;
			sourceTree = "<group>";
		};
		1835AA452A12152900AF3887 /* Voiceover */ = {
			isa = PBXGroup;
			children = (
				1835AA612A12182D00AF3887 /* ahudut.wav */,
				1835AA532A12182C00AF3887 /* al.wav */,
				1835AA4D2A12182C00AF3887 /* alma.wav */,
				1835AA592A12182D00AF3887 /* aq.wav */,
				1835AA512A12182C00AF3887 /* armut.wav */,
				1835AA502A12182C00AF3887 /* at.wav */,
				1835AA602A12182D00AF3887 /* ayva.wav */,
				1835AA672A12182D00AF3887 /* bas.wav */,
				1835AA5B2A12182D00AF3887 /* canta.wav */,
				1835AA462A12182C00AF3887 /* deve.wav */,
				1835AA482A12182C00AF3887 /* dut.wav */,
				1835AA4C2A12182C00AF3887 /* esil.wav */,
				1835AA652A12182D00AF3887 /* fil.wav */,
				1835AA692A12182D00AF3887 /* gul.wav */,
				1835AA5D2A12182D00AF3887 /* jirafe.wav */,
				1835AA582A12182D00AF3887 /* kun.wav */,
				1835AA662A12182D00AF3887 /* lale.wav */,
				1835AA5C2A12182D00AF3887 /* mavi.wav */,
				1835AA472A12182C00AF3887 /* men.wav */,
				1835AA4F2A12182C00AF3887 /* meraba.wav */,
				1835AA5F2A12182D00AF3887 /* narguz.wav */,
				1835AA552A12182C00AF3887 /* portaqal.wav */,
				1835AA542A12182C00AF3887 /* qalem.wav */,
				1835AA682A12182D00AF3887 /* qaplan.wav */,
				1835AA642A12182D00AF3887 /* qara.wav */,
				1835AA622A12182D00AF3887 /* qavun.wav */,
				1835AA5A2A12182D00AF3887 /* qoy.wav */,
				1835AA562A12182D00AF3887 /* qoyan.wav */,
				1835AA4A2A12182C00AF3887 /* qulaq.wav */,
				1835AA5E2A12182D00AF3887 /* qursaq.wav */,
				1835AA492A12182C00AF3887 /* saqal.wav */,
				1835AA4B2A12182C00AF3887 /* sari.wav */,
				1835AA522A12182C00AF3887 /* selam.wav */,
				1835AA4E2A12182C00AF3887 /* tirnaq.wav */,
				1835AA632A12182D00AF3887 /* tis.wav */,
				1835AA572A12182D00AF3887 /* turaq.wav */,
			);
			path = Voiceover;
			sourceTree = "<group>";
		};
		183B1D562966D97400D80509 /* Error */ = {
			isa = PBXGroup;
			children = (
				183B1D542966D7E800D80509 /* AppError.swift */,
			);
			path = Error;
			sourceTree = "<group>";
		};
		183B1D572967329700D80509 /* Alerts */ = {
			isa = PBXGroup;
			children = (
				183B1D58296732B000D80509 /* AlertsFactory.swift */,
			);
			path = Alerts;
			sourceTree = "<group>";
		};
		183B1D5A296754AB00D80509 /* LevelsScreen */ = {
			isa = PBXGroup;
			children = (
				183B1D662967630500D80509 /* Models */,
				183B1D6329675B4E00D80509 /* Cells */,
				183B1D5B296754C200D80509 /* LevelsBuilder.swift */,
				183B1D5D296754D400D80509 /* LevelsProtocol.swift */,
				183B1D5F296754E000D80509 /* LevelsViewController.swift */,
				183B1D61296754E900D80509 /* LevelsViewModel.swift */,
			);
			path = LevelsScreen;
			sourceTree = "<group>";
		};
		183B1D6329675B4E00D80509 /* Cells */ = {
			isa = PBXGroup;
			children = (
				183B1D6429675B6D00D80509 /* LevelsCollectionCell.swift */,
			);
			path = Cells;
			sourceTree = "<group>";
		};
		183B1D662967630500D80509 /* Models */ = {
			isa = PBXGroup;
			children = (
				183B1D672967634500D80509 /* LevelsCellModel.swift */,
			);
			path = Models;
			sourceTree = "<group>";
		};
		1844642929393A7D00A2C540 /* Animation */ = {
			isa = PBXGroup;
			children = (
				1844642A29393AAF00A2C540 /* AnimateStack.swift */,
			);
			path = Animation;
			sourceTree = "<group>";
		};
		185B5DA8293C9EE8001B726D /* CrossView */ = {
			isa = PBXGroup;
			children = (
				187C2C332917C0790036F43A /* CrossCell.swift */,
				187C2C532919670C0036F43A /* CrossView.swift */,
			);
			path = CrossView;
			sourceTree = "<group>";
		};
		185B5DA9293C9F16001B726D /* KeyboardView */ = {
			isa = PBXGroup;
			children = (
				187C2C372917C65C0036F43A /* KeyboardCell.swift */,
				184E29C72960BAE400B54C63 /* AdditionalCell.swift */,
				1820F423292A602B00D33069 /* KeyboardView.swift */,
				185B5DAA293C9F36001B726D /* KeyboardLogic.swift */,
				185B5DAC293CA00F001B726D /* KeyboardGestureRecognizer.swift */,
			);
			path = KeyboardView;
			sourceTree = "<group>";
		};
		185D6D4F2968272B00B10CD8 /* SettingsScreen */ = {
			isa = PBXGroup;
			children = (
				185D6D5B2968302400B10CD8 /* Model */,
				185D6D5829682BBB00B10CD8 /* Cells */,
				185D6D522968275600B10CD8 /* SettingsProtocols.swift */,
				185D6D502968274A00B10CD8 /* SettingsBuilder.swift */,
				185D6D542968276A00B10CD8 /* SettingsViewController.swift */,
				185D6D562968277500B10CD8 /* SettingsViewModel.swift */,
			);
			path = SettingsScreen;
			sourceTree = "<group>";
		};
		185D6D5829682BBB00B10CD8 /* Cells */ = {
			isa = PBXGroup;
			children = (
				185D6D5929682C3F00B10CD8 /* SettingsSwitchCell.swift */,
				185D6D6029683A1200B10CD8 /* SettingsMoreCell.swift */,
				18A1AD3E2A15607700345121 /* SettingsValueCell.swift */,
			);
			path = Cells;
			sourceTree = "<group>";
		};
		185D6D5B2968302400B10CD8 /* Model */ = {
			isa = PBXGroup;
			children = (
				185D6D5C2968303600B10CD8 /* SettingsCellModel.swift */,
			);
			path = Model;
			sourceTree = "<group>";
		};
		185D6D6229685E8D00B10CD8 /* BottomSheet */ = {
			isa = PBXGroup;
			children = (
				18F2C9662A55C0F400D7311B /* BottomSheetContainer */,
				185D6D6329685E9C00B10CD8 /* ActionSheet */,
			);
			path = BottomSheet;
			sourceTree = "<group>";
		};
		185D6D6329685E9C00B10CD8 /* ActionSheet */ = {
			isa = PBXGroup;
			children = (
				185D6D69296866A800B10CD8 /* Models */,
				185D6D68296866A100B10CD8 /* Cell */,
				185D6D6429685EAB00B10CD8 /* ActionSheetViewController.swift */,
				185D6D6C2968700A00B10CD8 /* ActionSheetFactory.swift */,
			);
			path = ActionSheet;
			sourceTree = "<group>";
		};
		185D6D68296866A100B10CD8 /* Cell */ = {
			isa = PBXGroup;
			children = (
				185D6D662968653C00B10CD8 /* ActionSheetCell.swift */,
			);
			path = Cell;
			sourceTree = "<group>";
		};
		185D6D69296866A800B10CD8 /* Models */ = {
			isa = PBXGroup;
			children = (
				185D6D6A296866B700B10CD8 /* ActionSheetModel.swift */,
			);
			path = Models;
			sourceTree = "<group>";
		};
		186A2E0429AD4D9C005FF900 /* AppComponents */ = {
			isa = PBXGroup;
			children = (
				18D943E42A13EE5E000BEF86 /* EasyTipView.swift */,
				18FBB1882A19F9DE00BE1A4C /* AppLabel.swift */,
				18FBB18A2A19FD5500BE1A4C /* AppButton.swift */,
				18FBB18C2A1A048800BE1A4C /* AppView.swift */,
			);
			path = AppComponents;
			sourceTree = "<group>";
		};
		187C2BCD291674D40036F43A = {
			isa = PBXGroup;
			children = (
				187C2BD8291674D40036F43A /* GizliSoz */,
				185B5DA3293C8FDF001B726D /* GizliSoz.app */,
			);
			sourceTree = "<group>";
		};
		187C2BD8291674D40036F43A /* GizliSoz */ = {
			isa = PBXGroup;
			children = (
				18DFF7A82A17BD2200FD7A2E /* GizliSoz.entitlements */,
				187C2BD9291674D40036F43A /* AppDelegate.swift */,
				187C2BE4291674D70036F43A /* LaunchScreen.storyboard */,
				187C2BE7291674D70036F43A /* Info.plist */,
				187C2C51291963730036F43A /* BuildConfig.swift */,
				187C2C042916EB4E0036F43A /* Resources */,
				187C2C3C2917E4BB0036F43A /* Classes */,
				187C2BEF2916A7580036F43A /* Screens */,
			);
			path = GizliSoz;
			sourceTree = "<group>";
		};
		187C2BED2916A7460036F43A /* Extension */ = {
			isa = PBXGroup;
			children = (
				187C2BFE2916B08F0036F43A /* UIEdgeInsets.swift */,
				187C2C002916B3910036F43A /* UIView + Autolayout.swift */,
				187C2C0C2916F7D50036F43A /* UIColor.swift */,
				187C2C352917C4670036F43A /* UITableView.swift */,
				187C2C4F29194E1E0036F43A /* Data.swift */,
				187C2C5C29199FBD0036F43A /* Array.swift */,
				185D6D6E2968AE0100B10CD8 /* UIView.swift */,
				186B681A29C46E1100138526 /* typealias.swift */,
				1813F3D72A0E94E9001BDBFC /* Codable.swift */,
				1835AA922A12249000AF3887 /* RunStack.swift */,
				18DFF7A92A17D66600FD7A2E /* AdvancedOperators.swift */,
			);
			path = Extension;
			sourceTree = "<group>";
		};
		187C2BEE2916A74E0036F43A /* Base */ = {
			isa = PBXGroup;
			children = (
				187C2C072916F0930036F43A /* NavigationController */,
				187C2BF12916A7AE0036F43A /* BaseViewController.swift */,
				187C2BF32916A7C40036F43A /* BaseViewModel.swift */,
			);
			path = Base;
			sourceTree = "<group>";
		};
		187C2BEF2916A7580036F43A /* Screens */ = {
			isa = PBXGroup;
			children = (
				187C2BF52916AA340036F43A /* MainScreen */,
				183B1D5A296754AB00D80509 /* LevelsScreen */,
				185D6D4F2968272B00B10CD8 /* SettingsScreen */,
				187C2C292917BC4D0036F43A /* LevelScreeen */,
				18D6880729D6112700D28216 /* WordsListScreen */,
			);
			path = Screens;
			sourceTree = "<group>";
		};
		187C2BF52916AA340036F43A /* MainScreen */ = {
			isa = PBXGroup;
			children = (
				187C2BF82916AA940036F43A /* MainProtocols.swift */,
				187C2BFC2916B0160036F43A /* MainBuilder.swift */,
				187C2BF62916AA420036F43A /* MainViewController.swift */,
				187C2BFA2916AB860036F43A /* MainViewModel.swift */,
			);
			path = MainScreen;
			sourceTree = "<group>";
		};
		187C2C042916EB4E0036F43A /* Resources */ = {
			isa = PBXGroup;
			children = (
				182D93242A120F0B00B64C62 /* LocalContent */,
				187C2BE2291674D70036F43A /* Assets.xcassets */,
				187C2C0F2916FB870036F43A /* Fonts */,
				187C2C052916EB650036F43A /* AppImage.swift */,
				187C2C0A2916F74E0036F43A /* AppColor.swift */,
				187C2C272916FBD80036F43A /* AppFont.swift */,
				18E34EB129D9882F0094CBBA /* AppText.swift */,
				1819F9022A0CC9F20096BA84 /* AppConstants.swift */,
			);
			path = Resources;
			sourceTree = "<group>";
		};
		187C2C072916F0930036F43A /* NavigationController */ = {
			isa = PBXGroup;
			children = (
				187C2C082916F0CF0036F43A /* AppNavigationController.swift */,
			);
			path = NavigationController;
			sourceTree = "<group>";
		};
		187C2C0F2916FB870036F43A /* Fonts */ = {
			isa = PBXGroup;
			children = (
				187C2C102916FB870036F43A /* SF UI Text Light.otf */,
				187C2C112916FB870036F43A /* SF UI Text Bold.otf */,
				187C2C122916FB870036F43A /* SF-Pro-Display-Light.otf */,
				187C2C132916FB870036F43A /* SF-Pro-Display-Regular.otf */,
				187C2C142916FB870036F43A /* Roboto-Regular.ttf */,
				187C2C152916FB870036F43A /* SF-Pro-Display-Bold.otf */,
				187C2C162916FB870036F43A /* SF-Pro-Display-Medium.otf */,
				187C2C172916FB870036F43A /* SF UI Text Medium.otf */,
				187C2C182916FB870036F43A /* SF-Pro-Display-Semibold.otf */,
				187C2C192916FB870036F43A /* SF UI Text Regular.otf */,
				187C2C1A2916FB870036F43A /* SF-Pro-Display-Black.otf */,
			);
			path = Fonts;
			sourceTree = "<group>";
		};
		187C2C292917BC4D0036F43A /* LevelScreeen */ = {
			isa = PBXGroup;
			children = (
				187C2C322917C05D0036F43A /* Views */,
				187C2C2C2917BC6F0036F43A /* LevelBuilder.swift */,
				187C2C2A2917BC5F0036F43A /* LevelProtocols.swift */,
				187C2C2E2917BC790036F43A /* LevelViewController.swift */,
				187C2C302917BC850036F43A /* LevelViewModel.swift */,
			);
			path = LevelScreeen;
			sourceTree = "<group>";
		};
		187C2C322917C05D0036F43A /* Views */ = {
			isa = PBXGroup;
			children = (
				185B5DA8293C9EE8001B726D /* CrossView */,
				185B5DA9293C9F16001B726D /* KeyboardView */,
			);
			path = Views;
			sourceTree = "<group>";
		};
		187C2C392917E0C90036F43A /* SampleData */ = {
			isa = PBXGroup;
			children = (
				1835AA942A122AB700AF3887 /* checkConnect.json */,
				1805960F2A119F71006A0E2A /* appInit.json */,
				187C2C3A2917E0ED0036F43A /* levels.json */,
			);
			path = SampleData;
			sourceTree = "<group>";
		};
		187C2C3C2917E4BB0036F43A /* Classes */ = {
			isa = PBXGroup;
			children = (
				186A2E0429AD4D9C005FF900 /* AppComponents */,
				187C2BED2916A7460036F43A /* Extension */,
				187C2BEE2916A74E0036F43A /* Base */,
				1844642929393A7D00A2C540 /* Animation */,
				187C2C4A29186E9C0036F43A /* Logger */,
				187C2C3D2917E4C40036F43A /* Network */,
				183B1D562966D97400D80509 /* Error */,
				187C2C552919791C0036F43A /* Storage */,
				18BC84F4296443CE006F17CD /* Media */,
				183B1D572967329700D80509 /* Alerts */,
				185D6D6229685E8D00B10CD8 /* BottomSheet */,
			);
			path = Classes;
			sourceTree = "<group>";
		};
		187C2C3D2917E4C40036F43A /* Network */ = {
			isa = PBXGroup;
			children = (
				187C2C3E2917E4D00036F43A /* API.swift */,
				187C2C4D29186F280036F43A /* TargetProtocol.swift */,
				187C2C4729185EDD0036F43A /* Levels */,
			);
			path = Network;
			sourceTree = "<group>";
		};
		187C2C402917E5A10036F43A /* Models */ = {
			isa = PBXGroup;
			children = (
				180595EC2A0FAC16006A0E2A /* Common */,
				187C2C442917FF380036F43A /* Output */,
				187C2C432917FF320036F43A /* Input */,
			);
			path = Models;
			sourceTree = "<group>";
		};
		187C2C432917FF320036F43A /* Input */ = {
			isa = PBXGroup;
			children = (
				18DFF7AC2A18043B00FD7A2E /* AppInitRequest.swift */,
				187CD5CA2A16BE4A00D6D981 /* LevelsRequest.swift */,
			);
			path = Input;
			sourceTree = "<group>";
		};
		187C2C442917FF380036F43A /* Output */ = {
			isa = PBXGroup;
			children = (
				1813F3DB2A0E98BC001BDBFC /* AppInitResponse.swift */,
				187CD5C82A16BC5700D6D981 /* LevelsResponse.swift */,
			);
			path = Output;
			sourceTree = "<group>";
		};
		187C2C4729185EDD0036F43A /* Levels */ = {
			isa = PBXGroup;
			children = (
				187C2C48291861C10036F43A /* LevelsTarget.swift */,
				187C2C402917E5A10036F43A /* Models */,
				187C2C392917E0C90036F43A /* SampleData */,
			);
			path = Levels;
			sourceTree = "<group>";
		};
		187C2C4A29186E9C0036F43A /* Logger */ = {
			isa = PBXGroup;
			children = (
				187C2C4B29186EB90036F43A /* AppLogger.swift */,
			);
			path = Logger;
			sourceTree = "<group>";
		};
		187C2C552919791C0036F43A /* Storage */ = {
			isa = PBXGroup;
			children = (
				187C2C562919792A0036F43A /* AppStorage.swift */,
				1842E0252963823A000E95F4 /* AppStorageExtension.swift */,
				1835AA902A1221A500AF3887 /* AppStorage + UserDefaults.swift */,
			);
			path = Storage;
			sourceTree = "<group>";
		};
		18BC84F4296443CE006F17CD /* Media */ = {
			isa = PBXGroup;
			children = (
				18BC84F5296443EB006F17CD /* SoundPlayer.swift */,
			);
			path = Media;
			sourceTree = "<group>";
		};
		18D6880729D6112700D28216 /* WordsListScreen */ = {
			isa = PBXGroup;
			children = (
				18E34EAE29D96EA50094CBBA /* Cells */,
				18D6880829D6121A00D28216 /* WordsListProtocol.swift */,
				18D6880A29D6122900D28216 /* WordsListBuilder.swift */,
				18D6880C29D6123A00D28216 /* WordsListViewController.swift */,
				18D6880E29D6124600D28216 /* WordsListViewModel.swift */,
			);
			path = WordsListScreen;
			sourceTree = "<group>";
		};
		18E34EAE29D96EA50094CBBA /* Cells */ = {
			isa = PBXGroup;
			children = (
				18E34EAF29D96ECD0094CBBA /* WordTableCell.swift */,
				18E34EB329D9D10B0094CBBA /* WordTableHeader.swift */,
			);
			path = Cells;
			sourceTree = "<group>";
		};
		18F2C9662A55C0F400D7311B /* BottomSheetContainer */ = {
			isa = PBXGroup;
			children = (
				18F2C9672A55C15900D7311B /* BottomSheetContainer.swift */,
			);
			path = BottomSheetContainer;
			sourceTree = "<group>";
		};
/* End PBXGroup section */

/* Begin PBXNativeTarget section */
		187C2BD5291674D40036F43A /* GizliSoz */ = {
			isa = PBXNativeTarget;
			buildConfigurationList = 187C2BEA291674D70036F43A /* Build configuration list for PBXNativeTarget "GizliSoz" */;
			buildPhases = (
				187C2BD2291674D40036F43A /* Sources */,
				187C2BD3291674D40036F43A /* Frameworks */,
				187C2BD4291674D40036F43A /* Resources */,
			);
			buildRules = (
			);
			dependencies = (
			);
			name = GizliSoz;
			packageProductDependencies = (
				18D943E72A1424F4000BEF86 /* EasyTipView */,
			);
			productName = GizlySoz;
			productReference = 185B5DA3293C8FDF001B726D /* GizliSoz.app */;
			productType = "com.apple.product-type.application";
		};
/* End PBXNativeTarget section */

/* Begin PBXProject section */
		187C2BCE291674D40036F43A /* Project object */ = {
			isa = PBXProject;
			attributes = {
				BuildIndependentTargetsInParallel = 1;
				LastSwiftUpdateCheck = 1320;
				LastUpgradeCheck = 1320;
				TargetAttributes = {
					187C2BD5291674D40036F43A = {
						CreatedOnToolsVersion = 13.2.1;
					};
				};
			};
			buildConfigurationList = 187C2BD1291674D40036F43A /* Build configuration list for PBXProject "GizliSoz" */;
			compatibilityVersion = "Xcode 13.0";
			developmentRegion = en;
			hasScannedForEncodings = 0;
			knownRegions = (
				en,
				Base,
			);
			mainGroup = 187C2BCD291674D40036F43A;
			packageReferences = (
				18D943E62A1424F4000BEF86 /* XCRemoteSwiftPackageReference "EasyTipView" */,
			);
			productRefGroup = 187C2BCD291674D40036F43A;
			projectDirPath = "";
			projectRoot = "";
			targets = (
				187C2BD5291674D40036F43A /* GizliSoz */,
			);
		};
/* End PBXProject section */

/* Begin PBXResourcesBuildPhase section */
		187C2BD4291674D40036F43A /* Resources */ = {
			isa = PBXResourcesBuildPhase;
			buildActionMask = 2147483647;
			files = (
				1835AA8B2A12182D00AF3887 /* bas.wav in Resources */,
				1835AA752A12182D00AF3887 /* armut.wav in Resources */,
				1835AA712A12182D00AF3887 /* alma.wav in Resources */,
				1835AA6A2A12182D00AF3887 /* deve.wav in Resources */,
				1835AA812A12182D00AF3887 /* jirafe.wav in Resources */,
				1835AA962A125BF600AF3887 /* AppInit.json in Resources */,
				1835AA732A12182D00AF3887 /* meraba.wav in Resources */,
				1835AA742A12182D00AF3887 /* at.wav in Resources */,
				1835AA6B2A12182D00AF3887 /* men.wav in Resources */,
				187C2BE6291674D70036F43A /* LaunchScreen.storyboard in Resources */,
				1835AA8D2A12182D00AF3887 /* gul.wav in Resources */,
				1835AA892A12182D00AF3887 /* fil.wav in Resources */,
				1835AA3C2A120FCE00AF3887 /* Level 5.json in Resources */,
				1835AA8A2A12182D00AF3887 /* lale.wav in Resources */,
				1835AA382A120FCE00AF3887 /* Level 3.json in Resources */,
				1835AA872A12182D00AF3887 /* tis.wav in Resources */,
				1835AA7C2A12182D00AF3887 /* kun.wav in Resources */,
				1835AA7D2A12182D00AF3887 /* aq.wav in Resources */,
				1835AA6E2A12182D00AF3887 /* qulaq.wav in Resources */,
				1835AA7B2A12182D00AF3887 /* turaq.wav in Resources */,
				187C2C3B2917E0ED0036F43A /* levels.json in Resources */,
				1835AA842A12182D00AF3887 /* ayva.wav in Resources */,
				1835AA792A12182D00AF3887 /* portaqal.wav in Resources */,
				1835AA3F2A120FCE00AF3887 /* Level 10.json in Resources */,
				1835AA7E2A12182D00AF3887 /* qoy.wav in Resources */,
				1835AA852A12182D00AF3887 /* ahudut.wav in Resources */,
				187C2C1F2916FB870036F43A /* Roboto-Regular.ttf in Resources */,
				187C2C1D2916FB870036F43A /* SF-Pro-Display-Light.otf in Resources */,
				1835AA772A12182D00AF3887 /* al.wav in Resources */,
				1835AA3D2A120FCE00AF3887 /* Level 2.json in Resources */,
				1835AA6C2A12182D00AF3887 /* dut.wav in Resources */,
				1835AA832A12182D00AF3887 /* narguz.wav in Resources */,
				1835AA3E2A120FCE00AF3887 /* Level 8.json in Resources */,
				1835AA802A12182D00AF3887 /* mavi.wav in Resources */,
				1835AA392A120FCE00AF3887 /* Level 9.json in Resources */,
				187C2C1B2916FB870036F43A /* SF UI Text Light.otf in Resources */,
				1835AA7A2A12182D00AF3887 /* qoyan.wav in Resources */,
				1835AA8C2A12182D00AF3887 /* qaplan.wav in Resources */,
				1835AA762A12182D00AF3887 /* selam.wav in Resources */,
				1835AA702A12182D00AF3887 /* esil.wav in Resources */,
				187C2BE3291674D70036F43A /* Assets.xcassets in Resources */,
				1835AA6F2A12182D00AF3887 /* sari.wav in Resources */,
				187C2C1E2916FB870036F43A /* SF-Pro-Display-Regular.otf in Resources */,
				187C2C212916FB870036F43A /* SF-Pro-Display-Medium.otf in Resources */,
				1835AA722A12182D00AF3887 /* tirnaq.wav in Resources */,
				1835AA822A12182D00AF3887 /* qursaq.wav in Resources */,
				1835AA6D2A12182D00AF3887 /* saqal.wav in Resources */,
				1835AA862A12182D00AF3887 /* qavun.wav in Resources */,
				1835AA3B2A120FCE00AF3887 /* Level 4.json in Resources */,
				1835AA782A12182D00AF3887 /* qalem.wav in Resources */,
				187C2C222916FB870036F43A /* SF UI Text Medium.otf in Resources */,
				187C2C202916FB870036F43A /* SF-Pro-Display-Bold.otf in Resources */,
				18D90A5F2A33C4180077AB3E /* Level 1.json in Resources */,
				187C2C232916FB870036F43A /* SF-Pro-Display-Semibold.otf in Resources */,
				1835AA3A2A120FCE00AF3887 /* Level 6.json in Resources */,
				187C2C1C2916FB870036F43A /* SF UI Text Bold.otf in Resources */,
				187C2C242916FB870036F43A /* SF UI Text Regular.otf in Resources */,
				187C2C252916FB870036F43A /* SF-Pro-Display-Black.otf in Resources */,
				1835AA882A12182D00AF3887 /* qara.wav in Resources */,
				1835AA7F2A12182D00AF3887 /* canta.wav in Resources */,
				1835AA402A120FCE00AF3887 /* Level 7.json in Resources */,
			);
			runOnlyForDeploymentPostprocessing = 0;
		};
/* End PBXResourcesBuildPhase section */

/* Begin PBXSourcesBuildPhase section */
		187C2BD2291674D40036F43A /* Sources */ = {
			isa = PBXSourcesBuildPhase;
			buildActionMask = 2147483647;
			files = (
				185D6D672968653C00B10CD8 /* ActionSheetCell.swift in Sources */,
				187C2BFD2916B0160036F43A /* MainBuilder.swift in Sources */,
				180595FE2A1041F9006A0E2A /* KeyboardCell.swift in Sources */,
				187C2C0D2916F7D50036F43A /* UIColor.swift in Sources */,
				1805960B2A104211006A0E2A /* LevelsViewController.swift in Sources */,
				180595F82A1041F6006A0E2A /* LevelViewController.swift in Sources */,
				18DFF7AA2A17D66600FD7A2E /* AdvancedOperators.swift in Sources */,
				1819F9032A0CC9F20096BA84 /* AppConstants.swift in Sources */,
				187C2BFB2916AB860036F43A /* MainViewModel.swift in Sources */,
				18F2C9682A55C15900D7311B /* BottomSheetContainer.swift in Sources */,
				187C2C4C29186EB90036F43A /* AppLogger.swift in Sources */,
				180596052A104205006A0E2A /* SettingsViewModel.swift in Sources */,
				180596022A104205006A0E2A /* SettingsProtocols.swift in Sources */,
				180595F92A1041F6006A0E2A /* LevelViewModel.swift in Sources */,
				18FBB18D2A1A048800BE1A4C /* AppView.swift in Sources */,
				185D6D6B296866B700B10CD8 /* ActionSheetModel.swift in Sources */,
				187C2C5D29199FBD0036F43A /* Array.swift in Sources */,
				187C2C4E29186F280036F43A /* TargetProtocol.swift in Sources */,
				1813F3DE2A0EDA16001BDBFC /* ApiResponse.swift in Sources */,
				18A1AD3F2A15607700345121 /* SettingsValueCell.swift in Sources */,
				187C2C52291963730036F43A /* BuildConfig.swift in Sources */,
				183B1D59296732B000D80509 /* AlertsFactory.swift in Sources */,
				187C2C5029194E1E0036F43A /* Data.swift in Sources */,
				1878FC6A2A56AC3C00C178CC /* ActionSheetViewController.swift in Sources */,
				186B681B29C46E1100138526 /* typealias.swift in Sources */,
				18BC84F6296443EB006F17CD /* SoundPlayer.swift in Sources */,
				187CD5CB2A16BE4A00D6D981 /* LevelsRequest.swift in Sources */,
				187C2BF42916A7C40036F43A /* BaseViewModel.swift in Sources */,
				185D6D6D2968700A00B10CD8 /* ActionSheetFactory.swift in Sources */,
				1805960A2A104211006A0E2A /* LevelsViewModel.swift in Sources */,
				180596002A1041FD006A0E2A /* CrossView.swift in Sources */,
				180596032A104205006A0E2A /* SettingsViewController.swift in Sources */,
				180595FA2A1041F6006A0E2A /* LevelBuilder.swift in Sources */,
				187C2BF92916AA940036F43A /* MainProtocols.swift in Sources */,
				187C2C0B2916F74E0036F43A /* AppColor.swift in Sources */,
				187C2C012916B3910036F43A /* UIView + Autolayout.swift in Sources */,
				183B1D552966D7E800D80509 /* AppError.swift in Sources */,
				180595FC2A1041F9006A0E2A /* AdditionalCell.swift in Sources */,
				180595F12A1041EE006A0E2A /* WordsListViewModel.swift in Sources */,
				1805960D2A104213006A0E2A /* LevelsCollectionCell.swift in Sources */,
				180596062A104208006A0E2A /* SettingsMoreCell.swift in Sources */,
				187C2BDA291674D40036F43A /* AppDelegate.swift in Sources */,
				1835AA932A12249000AF3887 /* RunStack.swift in Sources */,
				187C2BF22916A7AE0036F43A /* BaseViewController.swift in Sources */,
				18DFF7AD2A18043B00FD7A2E /* AppInitRequest.swift in Sources */,
				187C2C572919792A0036F43A /* AppStorage.swift in Sources */,
				180595F42A1041EE006A0E2A /* WordsListBuilder.swift in Sources */,
				180596012A1041FD006A0E2A /* CrossCell.swift in Sources */,
				187C2C362917C4670036F43A /* UITableView.swift in Sources */,
				1835AA912A1221A500AF3887 /* AppStorage + UserDefaults.swift in Sources */,
				185D6D6F2968AE0100B10CD8 /* UIView.swift in Sources */,
				187CD5C92A16BC5700D6D981 /* LevelsResponse.swift in Sources */,
				187C2BF72916AA420036F43A /* MainViewController.swift in Sources */,
				180595F32A1041EE006A0E2A /* WordsListViewController.swift in Sources */,
				1813F3D82A0E94E9001BDBFC /* Codable.swift in Sources */,
				1805960E2A104216006A0E2A /* LevelsCellModel.swift in Sources */,
				180595FF2A1041F9006A0E2A /* KeyboardView.swift in Sources */,
				180595F02A0FB15D006A0E2A /* CharacterType.swift in Sources */,
				187C2C3F2917E4D00036F43A /* API.swift in Sources */,
				180595FB2A1041F9006A0E2A /* KeyboardGestureRecognizer.swift in Sources */,
				180595FD2A1041F9006A0E2A /* KeyboardLogic.swift in Sources */,
				18FBB1892A19F9DE00BE1A4C /* AppLabel.swift in Sources */,
				18D943E52A13EE5F000BEF86 /* EasyTipView.swift in Sources */,
				180595F62A1041F1006A0E2A /* WordTableCell.swift in Sources */,
				187C2C49291861C10036F43A /* LevelsTarget.swift in Sources */,
				187C2C282916FBD80036F43A /* AppFont.swift in Sources */,
				180595F52A1041F1006A0E2A /* WordTableHeader.swift in Sources */,
				1842E0262963823A000E95F4 /* AppStorageExtension.swift in Sources */,
				180596042A104205006A0E2A /* SettingsBuilder.swift in Sources */,
				180595EE2A0FAC48006A0E2A /* Parameter.swift in Sources */,
				187C2C092916F0CF0036F43A /* AppNavigationController.swift in Sources */,
				18E34EB229D9882F0094CBBA /* AppText.swift in Sources */,
				180596082A10420B006A0E2A /* SettingsCellModel.swift in Sources */,
				180596092A104211006A0E2A /* LevelsBuilder.swift in Sources */,
				1835AA952A122AB700AF3887 /* checkConnect.json in Sources */,
				1844642B29393AAF00A2C540 /* AnimateStack.swift in Sources */,
				18FBB18B2A19FD5500BE1A4C /* AppButton.swift in Sources */,
				187C2C062916EB650036F43A /* AppImage.swift in Sources */,
				180596072A104208006A0E2A /* SettingsSwitchCell.swift in Sources */,
				1813F3DC2A0E98BC001BDBFC /* AppInitResponse.swift in Sources */,
				180596102A119F71006A0E2A /* appInit.json in Sources */,
				180595F72A1041F6006A0E2A /* LevelProtocols.swift in Sources */,
				187C2BFF2916B0900036F43A /* UIEdgeInsets.swift in Sources */,
				1805960C2A104211006A0E2A /* LevelsProtocol.swift in Sources */,
				180595F22A1041EE006A0E2A /* WordsListProtocol.swift in Sources */,
			);
			runOnlyForDeploymentPostprocessing = 0;
		};
/* End PBXSourcesBuildPhase section */

/* Begin PBXVariantGroup section */
		187C2BE4291674D70036F43A /* LaunchScreen.storyboard */ = {
			isa = PBXVariantGroup;
			children = (
				187C2BE5291674D70036F43A /* Base */,
			);
			name = LaunchScreen.storyboard;
			sourceTree = "<group>";
		};
/* End PBXVariantGroup section */

/* Begin XCBuildConfiguration section */
		187C2BE8291674D70036F43A /* Debug */ = {
			isa = XCBuildConfiguration;
			buildSettings = {
				ALWAYS_SEARCH_USER_PATHS = NO;
				CLANG_ANALYZER_NONNULL = YES;
				CLANG_ANALYZER_NUMBER_OBJECT_CONVERSION = YES_AGGRESSIVE;
				CLANG_CXX_LANGUAGE_STANDARD = "gnu++17";
				CLANG_CXX_LIBRARY = "libc++";
				CLANG_ENABLE_MODULES = YES;
				CLANG_ENABLE_OBJC_ARC = YES;
				CLANG_ENABLE_OBJC_WEAK = YES;
				CLANG_WARN_BLOCK_CAPTURE_AUTORELEASING = YES;
				CLANG_WARN_BOOL_CONVERSION = YES;
				CLANG_WARN_COMMA = YES;
				CLANG_WARN_CONSTANT_CONVERSION = YES;
				CLANG_WARN_DEPRECATED_OBJC_IMPLEMENTATIONS = YES;
				CLANG_WARN_DIRECT_OBJC_ISA_USAGE = YES_ERROR;
				CLANG_WARN_DOCUMENTATION_COMMENTS = YES;
				CLANG_WARN_EMPTY_BODY = YES;
				CLANG_WARN_ENUM_CONVERSION = YES;
				CLANG_WARN_INFINITE_RECURSION = YES;
				CLANG_WARN_INT_CONVERSION = YES;
				CLANG_WARN_NON_LITERAL_NULL_CONVERSION = YES;
				CLANG_WARN_OBJC_IMPLICIT_RETAIN_SELF = YES;
				CLANG_WARN_OBJC_LITERAL_CONVERSION = YES;
				CLANG_WARN_OBJC_ROOT_CLASS = YES_ERROR;
				CLANG_WARN_QUOTED_INCLUDE_IN_FRAMEWORK_HEADER = YES;
				CLANG_WARN_RANGE_LOOP_ANALYSIS = YES;
				CLANG_WARN_STRICT_PROTOTYPES = YES;
				CLANG_WARN_SUSPICIOUS_MOVE = YES;
				CLANG_WARN_UNGUARDED_AVAILABILITY = YES_AGGRESSIVE;
				CLANG_WARN_UNREACHABLE_CODE = YES;
				CLANG_WARN__DUPLICATE_METHOD_MATCH = YES;
				COPY_PHASE_STRIP = NO;
				DEBUG_INFORMATION_FORMAT = dwarf;
				ENABLE_STRICT_OBJC_MSGSEND = YES;
				ENABLE_TESTABILITY = YES;
				GCC_C_LANGUAGE_STANDARD = gnu11;
				GCC_DYNAMIC_NO_PIC = NO;
				GCC_NO_COMMON_BLOCKS = YES;
				GCC_OPTIMIZATION_LEVEL = 0;
				GCC_PREPROCESSOR_DEFINITIONS = (
					"DEBUG=1",
					"$(inherited)",
				);
				GCC_WARN_64_TO_32_BIT_CONVERSION = YES;
				GCC_WARN_ABOUT_RETURN_TYPE = YES_ERROR;
				GCC_WARN_UNDECLARED_SELECTOR = YES;
				GCC_WARN_UNINITIALIZED_AUTOS = YES_AGGRESSIVE;
				GCC_WARN_UNUSED_FUNCTION = YES;
				GCC_WARN_UNUSED_VARIABLE = YES;
				IPHONEOS_DEPLOYMENT_TARGET = 11.0;
				MTL_ENABLE_DEBUG_INFO = INCLUDE_SOURCE;
				MTL_FAST_MATH = YES;
				ONLY_ACTIVE_ARCH = YES;
				SDKROOT = iphoneos;
				SWIFT_ACTIVE_COMPILATION_CONDITIONS = DEBUG;
				SWIFT_OPTIMIZATION_LEVEL = "-Onone";
			};
			name = Debug;
		};
		187C2BE9291674D70036F43A /* Production */ = {
			isa = XCBuildConfiguration;
			buildSettings = {
				ALWAYS_SEARCH_USER_PATHS = NO;
				CLANG_ANALYZER_NONNULL = YES;
				CLANG_ANALYZER_NUMBER_OBJECT_CONVERSION = YES_AGGRESSIVE;
				CLANG_CXX_LANGUAGE_STANDARD = "gnu++17";
				CLANG_CXX_LIBRARY = "libc++";
				CLANG_ENABLE_MODULES = YES;
				CLANG_ENABLE_OBJC_ARC = YES;
				CLANG_ENABLE_OBJC_WEAK = YES;
				CLANG_WARN_BLOCK_CAPTURE_AUTORELEASING = YES;
				CLANG_WARN_BOOL_CONVERSION = YES;
				CLANG_WARN_COMMA = YES;
				CLANG_WARN_CONSTANT_CONVERSION = YES;
				CLANG_WARN_DEPRECATED_OBJC_IMPLEMENTATIONS = YES;
				CLANG_WARN_DIRECT_OBJC_ISA_USAGE = YES_ERROR;
				CLANG_WARN_DOCUMENTATION_COMMENTS = YES;
				CLANG_WARN_EMPTY_BODY = YES;
				CLANG_WARN_ENUM_CONVERSION = YES;
				CLANG_WARN_INFINITE_RECURSION = YES;
				CLANG_WARN_INT_CONVERSION = YES;
				CLANG_WARN_NON_LITERAL_NULL_CONVERSION = YES;
				CLANG_WARN_OBJC_IMPLICIT_RETAIN_SELF = YES;
				CLANG_WARN_OBJC_LITERAL_CONVERSION = YES;
				CLANG_WARN_OBJC_ROOT_CLASS = YES_ERROR;
				CLANG_WARN_QUOTED_INCLUDE_IN_FRAMEWORK_HEADER = YES;
				CLANG_WARN_RANGE_LOOP_ANALYSIS = YES;
				CLANG_WARN_STRICT_PROTOTYPES = YES;
				CLANG_WARN_SUSPICIOUS_MOVE = YES;
				CLANG_WARN_UNGUARDED_AVAILABILITY = YES_AGGRESSIVE;
				CLANG_WARN_UNREACHABLE_CODE = YES;
				CLANG_WARN__DUPLICATE_METHOD_MATCH = YES;
				CODE_SIGN_IDENTITY = "iPhone Developer";
				COPY_PHASE_STRIP = NO;
				DEBUG_INFORMATION_FORMAT = "dwarf-with-dsym";
				ENABLE_NS_ASSERTIONS = NO;
				ENABLE_STRICT_OBJC_MSGSEND = YES;
				GCC_C_LANGUAGE_STANDARD = gnu11;
				GCC_NO_COMMON_BLOCKS = YES;
				GCC_WARN_64_TO_32_BIT_CONVERSION = YES;
				GCC_WARN_ABOUT_RETURN_TYPE = YES_ERROR;
				GCC_WARN_UNDECLARED_SELECTOR = YES;
				GCC_WARN_UNINITIALIZED_AUTOS = YES_AGGRESSIVE;
				GCC_WARN_UNUSED_FUNCTION = YES;
				GCC_WARN_UNUSED_VARIABLE = YES;
				IPHONEOS_DEPLOYMENT_TARGET = 11.0;
				MTL_ENABLE_DEBUG_INFO = NO;
				MTL_FAST_MATH = YES;
				SDKROOT = iphoneos;
				SWIFT_ACTIVE_COMPILATION_CONDITIONS = PRODUCTION;
				SWIFT_COMPILATION_MODE = wholemodule;
				SWIFT_OPTIMIZATION_LEVEL = "-O";
				VALIDATE_PRODUCT = YES;
			};
			name = Production;
		};
		187C2BEB291674D70036F43A /* Debug */ = {
			isa = XCBuildConfiguration;
			buildSettings = {
				ASSETCATALOG_COMPILER_APPICON_NAME = AppIcon;
				ASSETCATALOG_COMPILER_GLOBAL_ACCENT_COLOR_NAME = AccentColor;
				CODE_SIGN_ENTITLEMENTS = GizliSoz/GizliSoz.entitlements;
				CODE_SIGN_IDENTITY = "iPhone Developer";
				CODE_SIGN_STYLE = Automatic;
				CURRENT_PROJECT_VERSION = 1;
				DEVELOPMENT_TEAM = N29SZ25DF4;
				GENERATE_INFOPLIST_FILE = YES;
				INFOPLIST_FILE = GizliSoz/Info.plist;
				INFOPLIST_KEY_CFBundleDisplayName = "Gizli Soz";
				INFOPLIST_KEY_UIApplicationSupportsIndirectInputEvents = YES;
				INFOPLIST_KEY_UILaunchStoryboardName = LaunchScreen;
				INFOPLIST_KEY_UIMainStoryboardFile = LaunchScreen;
				INFOPLIST_KEY_UISupportedInterfaceOrientations_iPad = "UIInterfaceOrientationPortrait UIInterfaceOrientationPortraitUpsideDown UIInterfaceOrientationLandscapeLeft UIInterfaceOrientationLandscapeRight";
				INFOPLIST_KEY_UISupportedInterfaceOrientations_iPhone = "UIInterfaceOrientationPortrait UIInterfaceOrientationLandscapeLeft UIInterfaceOrientationLandscapeRight";
				LD_RUNPATH_SEARCH_PATHS = (
					"$(inherited)",
					"@executable_path/Frameworks",
				);
				MARKETING_VERSION = 1.0.1;
				PRODUCT_BUNDLE_IDENTIFIER = com.ahtem.GizliSoz;
				PRODUCT_NAME = "$(TARGET_NAME)";
				PROVISIONING_PROFILE_SPECIFIER = "";
				SWIFT_EMIT_LOC_STRINGS = YES;
				SWIFT_VERSION = 5.0;
				TARGETED_DEVICE_FAMILY = 1;
			};
			name = Debug;
		};
		187C2BEC291674D70036F43A /* Production */ = {
			isa = XCBuildConfiguration;
			buildSettings = {
				ASSETCATALOG_COMPILER_APPICON_NAME = AppIcon;
				ASSETCATALOG_COMPILER_GLOBAL_ACCENT_COLOR_NAME = AccentColor;
				CODE_SIGN_ENTITLEMENTS = GizliSoz/GizliSoz.entitlements;
				CODE_SIGN_IDENTITY = "iPhone Distribution";
				"CODE_SIGN_IDENTITY[sdk=iphoneos*]" = "iPhone Distribution";
				CODE_SIGN_STYLE = Manual;
				CURRENT_PROJECT_VERSION = 1;
				DEVELOPMENT_TEAM = "";
				"DEVELOPMENT_TEAM[sdk=iphoneos*]" = SMK2N72BFN;
				GENERATE_INFOPLIST_FILE = YES;
				INFOPLIST_FILE = GizliSoz/Info.plist;
				INFOPLIST_KEY_CFBundleDisplayName = "Gizli Soz";
				INFOPLIST_KEY_UIApplicationSupportsIndirectInputEvents = YES;
				INFOPLIST_KEY_UILaunchStoryboardName = LaunchScreen;
				INFOPLIST_KEY_UIMainStoryboardFile = LaunchScreen;
				INFOPLIST_KEY_UISupportedInterfaceOrientations_iPad = "UIInterfaceOrientationPortrait UIInterfaceOrientationPortraitUpsideDown UIInterfaceOrientationLandscapeLeft UIInterfaceOrientationLandscapeRight";
				INFOPLIST_KEY_UISupportedInterfaceOrientations_iPhone = "UIInterfaceOrientationPortrait UIInterfaceOrientationLandscapeLeft UIInterfaceOrientationLandscapeRight";
				LD_RUNPATH_SEARCH_PATHS = (
					"$(inherited)",
					"@executable_path/Frameworks",
				);
				MARKETING_VERSION = 1.0.1;
				PRODUCT_BUNDLE_IDENTIFIER = com.yuzum.gizlisoz;
				PRODUCT_NAME = "$(TARGET_NAME)";
				PROVISIONING_PROFILE_SPECIFIER = "";
				"PROVISIONING_PROFILE_SPECIFIER[sdk=iphoneos*]" = "Profile GizliSoz";
				SWIFT_EMIT_LOC_STRINGS = YES;
				SWIFT_VERSION = 5.0;
				TARGETED_DEVICE_FAMILY = 1;
			};
			name = Production;
		};
/* End XCBuildConfiguration section */

/* Begin XCConfigurationList section */
		187C2BD1291674D40036F43A /* Build configuration list for PBXProject "GizliSoz" */ = {
			isa = XCConfigurationList;
			buildConfigurations = (
				187C2BE8291674D70036F43A /* Debug */,
				187C2BE9291674D70036F43A /* Production */,
			);
			defaultConfigurationIsVisible = 0;
			defaultConfigurationName = Debug;
		};
		187C2BEA291674D70036F43A /* Build configuration list for PBXNativeTarget "GizliSoz" */ = {
			isa = XCConfigurationList;
			buildConfigurations = (
				187C2BEB291674D70036F43A /* Debug */,
				187C2BEC291674D70036F43A /* Production */,
			);
			defaultConfigurationIsVisible = 0;
			defaultConfigurationName = Debug;
		};
/* End XCConfigurationList section */

/* Begin XCRemoteSwiftPackageReference section */
		18D943E62A1424F4000BEF86 /* XCRemoteSwiftPackageReference "EasyTipView" */ = {
			isa = XCRemoteSwiftPackageReference;
			repositoryURL = "https://github.com/teodorpatras/EasyTipView.git";
			requirement = {
				kind = upToNextMajorVersion;
				minimumVersion = 2.0.0;
			};
		};
/* End XCRemoteSwiftPackageReference section */

/* Begin XCSwiftPackageProductDependency section */
		18D943E72A1424F4000BEF86 /* EasyTipView */ = {
			isa = XCSwiftPackageProductDependency;
			package = 18D943E62A1424F4000BEF86 /* XCRemoteSwiftPackageReference "EasyTipView" */;
			productName = EasyTipView;
		};
/* End XCSwiftPackageProductDependency section */
	};
	rootObject = 187C2BCE291674D40036F43A /* Project object */;
}
